// !$*UTF8*$!
{
	archiveVersion = 1;
	classes = {
	};
	objectVersion = 56;
	objects = {

/* Begin PBXBuildFile section */
		43BC28DF2C9A54450069C6CD /* ShoesForTowApp.swift in Sources */ = {isa = PBXBuildFile; fileRef = 43BC28DE2C9A54450069C6CD /* ShoesForTowApp.swift */; };
		43BC28E12C9A54450069C6CD /* Persistence.swift in Sources */ = {isa = PBXBuildFile; fileRef = 43BC28E02C9A54450069C6CD /* Persistence.swift */; };
		43BC28E42C9A54450069C6CD /* ShoesForTow.xcdatamodeld in Sources */ = {isa = PBXBuildFile; fileRef = 43BC28E22C9A54450069C6CD /* ShoesForTow.xcdatamodeld */; };
		43BC28E62C9A54450069C6CD /* ContentView.swift in Sources */ = {isa = PBXBuildFile; fileRef = 43BC28E52C9A54450069C6CD /* ContentView.swift */; };
		43BC28E82C9A54490069C6CD /* Assets.xcassets in Resources */ = {isa = PBXBuildFile; fileRef = 43BC28E72C9A54490069C6CD /* Assets.xcassets */; };
		43BC28EC2C9A54490069C6CD /* Preview Assets.xcassets in Resources */ = {isa = PBXBuildFile; fileRef = 43BC28EB2C9A54490069C6CD /* Preview Assets.xcassets */; };
		43BC28F32C9B79740069C6CD /* Launch Screen.storyboard in Resources */ = {isa = PBXBuildFile; fileRef = 43BC28F22C9B79740069C6CD /* Launch Screen.storyboard */; };
		43BC28F62C9B7DB60069C6CD /* LoginView.swift in Sources */ = {isa = PBXBuildFile; fileRef = 43BC28F52C9B7DB60069C6CD /* LoginView.swift */; };
		43BC29012C9BE30F0069C6CD /* Font+Extensions.swift in Sources */ = {isa = PBXBuildFile; fileRef = 43BC29002C9BE30F0069C6CD /* Font+Extensions.swift */; };
		43BC29042C9BE8270069C6CD /* Color+Extension.swift in Sources */ = {isa = PBXBuildFile; fileRef = 43BC29032C9BE8270069C6CD /* Color+Extension.swift */; };
		43BC29072C9CCE390069C6CD /* RegisterView.swift in Sources */ = {isa = PBXBuildFile; fileRef = 43BC29062C9CCE390069C6CD /* RegisterView.swift */; };
		43BC29092C9CD0850069C6CD /* Router.swift in Sources */ = {isa = PBXBuildFile; fileRef = 43BC29082C9CD0850069C6CD /* Router.swift */; };
		43BC290B2C9D13D60069C6CD /* TabBarCustom.swift in Sources */ = {isa = PBXBuildFile; fileRef = 43BC290A2C9D13D60069C6CD /* TabBarCustom.swift */; };
		43BC290D2C9D44E20069C6CD /* TextFieldCustom.swift in Sources */ = {isa = PBXBuildFile; fileRef = 43BC290C2C9D44E20069C6CD /* TextFieldCustom.swift */; };
		43BC290E2C9D58E60069C6CD /* Montserrat-Black.ttf in Resources */ = {isa = PBXBuildFile; fileRef = 43BC28FC2C9BE2860069C6CD /* Montserrat-Black.ttf */; };
		43BC290F2C9D58EA0069C6CD /* Montserrat-Bold.ttf in Resources */ = {isa = PBXBuildFile; fileRef = 43BC28F82C9BE2850069C6CD /* Montserrat-Bold.ttf */; };
		43BC29102C9D58ED0069C6CD /* Montserrat-ExtraBold.ttf in Resources */ = {isa = PBXBuildFile; fileRef = 43BC28FA2C9BE2860069C6CD /* Montserrat-ExtraBold.ttf */; };
		43BC29112C9D58F00069C6CD /* Montserrat-Light.ttf in Resources */ = {isa = PBXBuildFile; fileRef = 43BC28FD2C9BE2860069C6CD /* Montserrat-Light.ttf */; };
		43BC29122C9D58F30069C6CD /* Montserrat-Medium.ttf in Resources */ = {isa = PBXBuildFile; fileRef = 43BC28FE2C9BE2860069C6CD /* Montserrat-Medium.ttf */; };
		43BC29132C9D58F50069C6CD /* Montserrat-Regular.ttf in Resources */ = {isa = PBXBuildFile; fileRef = 43BC28F92C9BE2860069C6CD /* Montserrat-Regular.ttf */; };
		43BC29142C9D58F80069C6CD /* Montserrat-SemiBold.ttf in Resources */ = {isa = PBXBuildFile; fileRef = 43BC28FB2C9BE2860069C6CD /* Montserrat-SemiBold.ttf */; };
		43BC29162C9DCD290069C6CD /* DropDownPicker.swift in Sources */ = {isa = PBXBuildFile; fileRef = 43BC29152C9DCD290069C6CD /* DropDownPicker.swift */; };
		C10508062C9B4BE000B22737 /* CircularImageCarouselView.swift in Sources */ = {isa = PBXBuildFile; fileRef = C10508052C9B4BE000B22737 /* CircularImageCarouselView.swift */; };
		C10508082C9B6ED600B22737 /* ShoeSlideView.swift in Sources */ = {isa = PBXBuildFile; fileRef = C10508072C9B6ED600B22737 /* ShoeSlideView.swift */; };
		C105080A2C9B734800B22737 /* HomeFavoritesView.swift in Sources */ = {isa = PBXBuildFile; fileRef = C10508092C9B734700B22737 /* HomeFavoritesView.swift */; };
		C105080C2C9DE44D00B22737 /* AnglesComponentView.swift in Sources */ = {isa = PBXBuildFile; fileRef = C105080B2C9DE44D00B22737 /* AnglesComponentView.swift */; };
		C105080E2C9E00F400B22737 /* ShoeModel.swift in Sources */ = {isa = PBXBuildFile; fileRef = C105080D2C9E00F400B22737 /* ShoeModel.swift */; };
		C10508102C9E014300B22737 /* PrimaryButton.swift in Sources */ = {isa = PBXBuildFile; fileRef = C105080F2C9E014300B22737 /* PrimaryButton.swift */; };
		C10508122C9E2B9000B22737 /* TabContainerView.swift in Sources */ = {isa = PBXBuildFile; fileRef = C10508112C9E2B9000B22737 /* TabContainerView.swift */; };
		C10508182C9E35D600B22737 /* CircularImageView.swift in Sources */ = {isa = PBXBuildFile; fileRef = C10508172C9E35D600B22737 /* CircularImageView.swift */; };
		C105081A2C9E43EF00B22737 /* HomeFavoritesPresenter.swift in Sources */ = {isa = PBXBuildFile; fileRef = C10508192C9E43EF00B22737 /* HomeFavoritesPresenter.swift */; };
/* End PBXBuildFile section */

/* Begin PBXFileReference section */
		43BC28DB2C9A54450069C6CD /* ShoesForTow.app */ = {isa = PBXFileReference; explicitFileType = wrapper.application; includeInIndex = 0; path = ShoesForTow.app; sourceTree = BUILT_PRODUCTS_DIR; };
		43BC28DE2C9A54450069C6CD /* ShoesForTowApp.swift */ = {isa = PBXFileReference; lastKnownFileType = sourcecode.swift; path = ShoesForTowApp.swift; sourceTree = "<group>"; };
		43BC28E02C9A54450069C6CD /* Persistence.swift */ = {isa = PBXFileReference; lastKnownFileType = sourcecode.swift; path = Persistence.swift; sourceTree = "<group>"; };
		43BC28E32C9A54450069C6CD /* ShoesForTow.xcdatamodel */ = {isa = PBXFileReference; lastKnownFileType = wrapper.xcdatamodel; path = ShoesForTow.xcdatamodel; sourceTree = "<group>"; };
		43BC28E52C9A54450069C6CD /* ContentView.swift */ = {isa = PBXFileReference; lastKnownFileType = sourcecode.swift; path = ContentView.swift; sourceTree = "<group>"; };
		43BC28E72C9A54490069C6CD /* Assets.xcassets */ = {isa = PBXFileReference; lastKnownFileType = folder.assetcatalog; path = Assets.xcassets; sourceTree = "<group>"; };
		43BC28E92C9A54490069C6CD /* ShoesForTow.entitlements */ = {isa = PBXFileReference; lastKnownFileType = text.plist.entitlements; path = ShoesForTow.entitlements; sourceTree = "<group>"; };
		43BC28EB2C9A54490069C6CD /* Preview Assets.xcassets */ = {isa = PBXFileReference; lastKnownFileType = folder.assetcatalog; path = "Preview Assets.xcassets"; sourceTree = "<group>"; };
		43BC28F22C9B79740069C6CD /* Launch Screen.storyboard */ = {isa = PBXFileReference; lastKnownFileType = file.storyboard; path = "Launch Screen.storyboard"; sourceTree = "<group>"; };
		43BC28F52C9B7DB60069C6CD /* LoginView.swift */ = {isa = PBXFileReference; lastKnownFileType = sourcecode.swift; path = LoginView.swift; sourceTree = "<group>"; };
		43BC28F82C9BE2850069C6CD /* Montserrat-Bold.ttf */ = {isa = PBXFileReference; lastKnownFileType = file; path = "Montserrat-Bold.ttf"; sourceTree = "<group>"; };
		43BC28F92C9BE2860069C6CD /* Montserrat-Regular.ttf */ = {isa = PBXFileReference; lastKnownFileType = file; path = "Montserrat-Regular.ttf"; sourceTree = "<group>"; };
		43BC28FA2C9BE2860069C6CD /* Montserrat-ExtraBold.ttf */ = {isa = PBXFileReference; lastKnownFileType = file; path = "Montserrat-ExtraBold.ttf"; sourceTree = "<group>"; };
		43BC28FB2C9BE2860069C6CD /* Montserrat-SemiBold.ttf */ = {isa = PBXFileReference; lastKnownFileType = file; path = "Montserrat-SemiBold.ttf"; sourceTree = "<group>"; };
		43BC28FC2C9BE2860069C6CD /* Montserrat-Black.ttf */ = {isa = PBXFileReference; lastKnownFileType = file; path = "Montserrat-Black.ttf"; sourceTree = "<group>"; };
		43BC28FD2C9BE2860069C6CD /* Montserrat-Light.ttf */ = {isa = PBXFileReference; lastKnownFileType = file; path = "Montserrat-Light.ttf"; sourceTree = "<group>"; };
		43BC28FE2C9BE2860069C6CD /* Montserrat-Medium.ttf */ = {isa = PBXFileReference; lastKnownFileType = file; path = "Montserrat-Medium.ttf"; sourceTree = "<group>"; };
		43BC29002C9BE30F0069C6CD /* Font+Extensions.swift */ = {isa = PBXFileReference; lastKnownFileType = sourcecode.swift; path = "Font+Extensions.swift"; sourceTree = "<group>"; };
		43BC29022C9BE5ED0069C6CD /* Info.plist */ = {isa = PBXFileReference; lastKnownFileType = text.plist; path = Info.plist; sourceTree = "<group>"; };
		43BC29032C9BE8270069C6CD /* Color+Extension.swift */ = {isa = PBXFileReference; lastKnownFileType = sourcecode.swift; path = "Color+Extension.swift"; sourceTree = "<group>"; };
		43BC29062C9CCE390069C6CD /* RegisterView.swift */ = {isa = PBXFileReference; lastKnownFileType = sourcecode.swift; path = RegisterView.swift; sourceTree = "<group>"; };
		43BC29082C9CD0850069C6CD /* Router.swift */ = {isa = PBXFileReference; lastKnownFileType = sourcecode.swift; path = Router.swift; sourceTree = "<group>"; };
		43BC290A2C9D13D60069C6CD /* TabBarCustom.swift */ = {isa = PBXFileReference; lastKnownFileType = sourcecode.swift; path = TabBarCustom.swift; sourceTree = "<group>"; };
		43BC290C2C9D44E20069C6CD /* TextFieldCustom.swift */ = {isa = PBXFileReference; lastKnownFileType = sourcecode.swift; path = TextFieldCustom.swift; sourceTree = "<group>"; };
		43BC29152C9DCD290069C6CD /* DropDownPicker.swift */ = {isa = PBXFileReference; lastKnownFileType = sourcecode.swift; path = DropDownPicker.swift; sourceTree = "<group>"; };
		C10508052C9B4BE000B22737 /* CircularImageCarouselView.swift */ = {isa = PBXFileReference; lastKnownFileType = sourcecode.swift; path = CircularImageCarouselView.swift; sourceTree = "<group>"; };
		C10508072C9B6ED600B22737 /* ShoeSlideView.swift */ = {isa = PBXFileReference; lastKnownFileType = sourcecode.swift; path = ShoeSlideView.swift; sourceTree = "<group>"; };
		C10508092C9B734700B22737 /* HomeFavoritesView.swift */ = {isa = PBXFileReference; lastKnownFileType = sourcecode.swift; path = HomeFavoritesView.swift; sourceTree = "<group>"; };
		C105080B2C9DE44D00B22737 /* AnglesComponentView.swift */ = {isa = PBXFileReference; lastKnownFileType = sourcecode.swift; path = AnglesComponentView.swift; sourceTree = "<group>"; };
		C105080D2C9E00F400B22737 /* ShoeModel.swift */ = {isa = PBXFileReference; lastKnownFileType = sourcecode.swift; path = ShoeModel.swift; sourceTree = "<group>"; };
		C105080F2C9E014300B22737 /* PrimaryButton.swift */ = {isa = PBXFileReference; lastKnownFileType = sourcecode.swift; path = PrimaryButton.swift; sourceTree = "<group>"; };
		C10508112C9E2B9000B22737 /* TabContainerView.swift */ = {isa = PBXFileReference; lastKnownFileType = sourcecode.swift; path = TabContainerView.swift; sourceTree = "<group>"; };
		C10508172C9E35D600B22737 /* CircularImageView.swift */ = {isa = PBXFileReference; lastKnownFileType = sourcecode.swift; path = CircularImageView.swift; sourceTree = "<group>"; };
		C10508192C9E43EF00B22737 /* HomeFavoritesPresenter.swift */ = {isa = PBXFileReference; lastKnownFileType = sourcecode.swift; path = HomeFavoritesPresenter.swift; sourceTree = "<group>"; };
/* End PBXFileReference section */

/* Begin PBXFrameworksBuildPhase section */
		43BC28D82C9A54450069C6CD /* Frameworks */ = {
			isa = PBXFrameworksBuildPhase;
			buildActionMask = 2147483647;
			files = (
			);
			runOnlyForDeploymentPostprocessing = 0;
		};
/* End PBXFrameworksBuildPhase section */

/* Begin PBXGroup section */
		43BC28D22C9A54450069C6CD = {
			isa = PBXGroup;
			children = (
				43BC28DD2C9A54450069C6CD /* ShoesForTow */,
				43BC28DC2C9A54450069C6CD /* Products */,
			);
			sourceTree = "<group>";
		};
		43BC28DC2C9A54450069C6CD /* Products */ = {
			isa = PBXGroup;
			children = (
				43BC28DB2C9A54450069C6CD /* ShoesForTow.app */,
			);
			name = Products;
			sourceTree = "<group>";
		};
		43BC28DD2C9A54450069C6CD /* ShoesForTow */ = {
			isa = PBXGroup;
			children = (
				43BC28DE2C9A54450069C6CD /* ShoesForTowApp.swift */,
				43BC29082C9CD0850069C6CD /* Router.swift */,
				43BC29022C9BE5ED0069C6CD /* Info.plist */,
				43BC28FF2C9BE2D50069C6CD /* Commonds */,
				43BC28F72C9BE2460069C6CD /* Fonts */,
				43BC28F42C9B7D9B0069C6CD /* Login */,
				43BC29052C9CCDD80069C6CD /* RegisterCount */,
				43BC28E02C9A54450069C6CD /* Persistence.swift */,
				43BC28E52C9A54450069C6CD /* ContentView.swift */,
				C105080D2C9E00F400B22737 /* ShoeModel.swift */,
				C10508162C9E35BB00B22737 /* GenralComponents */,
				C10508132C9E34EE00B22737 /* HomeFavorites */,
				C10508112C9E2B9000B22737 /* TabContainerView.swift */,
				43BC28E72C9A54490069C6CD /* Assets.xcassets */,
				43BC28E92C9A54490069C6CD /* ShoesForTow.entitlements */,
				43BC28E22C9A54450069C6CD /* ShoesForTow.xcdatamodeld */,
				43BC28EA2C9A54490069C6CD /* Preview Content */,
				43BC28F22C9B79740069C6CD /* Launch Screen.storyboard */,
			);
			path = ShoesForTow;
			sourceTree = "<group>";
		};
		43BC28EA2C9A54490069C6CD /* Preview Content */ = {
			isa = PBXGroup;
			children = (
				43BC28EB2C9A54490069C6CD /* Preview Assets.xcassets */,
			);
			path = "Preview Content";
			sourceTree = "<group>";
		};
		43BC28F42C9B7D9B0069C6CD /* Login */ = {
			isa = PBXGroup;
			children = (
				43BC28F52C9B7DB60069C6CD /* LoginView.swift */,
			);
			path = Login;
			sourceTree = "<group>";
		};
		43BC28F72C9BE2460069C6CD /* Fonts */ = {
			isa = PBXGroup;
			children = (
				43BC28FC2C9BE2860069C6CD /* Montserrat-Black.ttf */,
				43BC28F82C9BE2850069C6CD /* Montserrat-Bold.ttf */,
				43BC28FA2C9BE2860069C6CD /* Montserrat-ExtraBold.ttf */,
				43BC28FD2C9BE2860069C6CD /* Montserrat-Light.ttf */,
				43BC28FE2C9BE2860069C6CD /* Montserrat-Medium.ttf */,
				43BC28F92C9BE2860069C6CD /* Montserrat-Regular.ttf */,
				43BC28FB2C9BE2860069C6CD /* Montserrat-SemiBold.ttf */,
			);
			path = Fonts;
			sourceTree = "<group>";
		};
		43BC28FF2C9BE2D50069C6CD /* Commonds */ = {
			isa = PBXGroup;
			children = (
				43BC29002C9BE30F0069C6CD /* Font+Extensions.swift */,
				43BC29032C9BE8270069C6CD /* Color+Extension.swift */,
				43BC290A2C9D13D60069C6CD /* TabBarCustom.swift */,
			);
			path = Commonds;
			sourceTree = "<group>";
		};
		43BC29052C9CCDD80069C6CD /* RegisterCount */ = {
			isa = PBXGroup;
			children = (
				43BC29062C9CCE390069C6CD /* RegisterView.swift */,
			);
			path = RegisterCount;
			sourceTree = "<group>";
		};
		C10508132C9E34EE00B22737 /* HomeFavorites */ = {
			isa = PBXGroup;
			children = (
				C10508142C9E354F00B22737 /* Components */,
				C10508092C9B734700B22737 /* HomeFavoritesView.swift */,
				C10508192C9E43EF00B22737 /* HomeFavoritesPresenter.swift */,
			);
			name = HomeFavorites;
			sourceTree = "<group>";
		};
		C10508142C9E354F00B22737 /* Components */ = {
			isa = PBXGroup;
			children = (
				C10508072C9B6ED600B22737 /* ShoeSlideView.swift */,
				C10508052C9B4BE000B22737 /* CircularImageCarouselView.swift */,
				C105080B2C9DE44D00B22737 /* AnglesComponentView.swift */,
			);
			name = Components;
			sourceTree = "<group>";
		};
		C10508162C9E35BB00B22737 /* GenralComponents */ = {
			isa = PBXGroup;
			children = (
				43BC290C2C9D44E20069C6CD /* TextFieldCustom.swift */,
				43BC29152C9DCD290069C6CD /* DropDownPicker.swift */,
				C105080F2C9E014300B22737 /* PrimaryButton.swift */,
				C10508172C9E35D600B22737 /* CircularImageView.swift */,
			);
			path = GenralComponents;
			sourceTree = "<group>";
		};
/* End PBXGroup section */

/* Begin PBXNativeTarget section */
		43BC28DA2C9A54450069C6CD /* ShoesForTow */ = {
			isa = PBXNativeTarget;
			buildConfigurationList = 43BC28EF2C9A54490069C6CD /* Build configuration list for PBXNativeTarget "ShoesForTow" */;
			buildPhases = (
				43BC28D72C9A54450069C6CD /* Sources */,
				43BC28D82C9A54450069C6CD /* Frameworks */,
				43BC28D92C9A54450069C6CD /* Resources */,
			);
			buildRules = (
			);
			dependencies = (
			);
			name = ShoesForTow;
			productName = ShoesForTow;
			productReference = 43BC28DB2C9A54450069C6CD /* ShoesForTow.app */;
			productType = "com.apple.product-type.application";
		};
/* End PBXNativeTarget section */

/* Begin PBXProject section */
		43BC28D32C9A54450069C6CD /* Project object */ = {
			isa = PBXProject;
			attributes = {
				BuildIndependentTargetsInParallel = 1;
				LastSwiftUpdateCheck = 1540;
				LastUpgradeCheck = 1540;
				TargetAttributes = {
					43BC28DA2C9A54450069C6CD = {
						CreatedOnToolsVersion = 15.4;
					};
				};
			};
			buildConfigurationList = 43BC28D62C9A54450069C6CD /* Build configuration list for PBXProject "ShoesForTow" */;
			compatibilityVersion = "Xcode 14.0";
			developmentRegion = en;
			hasScannedForEncodings = 0;
			knownRegions = (
				en,
				Base,
			);
			mainGroup = 43BC28D22C9A54450069C6CD;
			productRefGroup = 43BC28DC2C9A54450069C6CD /* Products */;
			projectDirPath = "";
			projectRoot = "";
			targets = (
				43BC28DA2C9A54450069C6CD /* ShoesForTow */,
			);
		};
/* End PBXProject section */

/* Begin PBXResourcesBuildPhase section */
		43BC28D92C9A54450069C6CD /* Resources */ = {
			isa = PBXResourcesBuildPhase;
			buildActionMask = 2147483647;
			files = (
				43BC29132C9D58F50069C6CD /* Montserrat-Regular.ttf in Resources */,
				43BC29112C9D58F00069C6CD /* Montserrat-Light.ttf in Resources */,
				43BC290F2C9D58EA0069C6CD /* Montserrat-Bold.ttf in Resources */,
				43BC29102C9D58ED0069C6CD /* Montserrat-ExtraBold.ttf in Resources */,
				43BC29142C9D58F80069C6CD /* Montserrat-SemiBold.ttf in Resources */,
				43BC28F32C9B79740069C6CD /* Launch Screen.storyboard in Resources */,
				43BC290E2C9D58E60069C6CD /* Montserrat-Black.ttf in Resources */,
				43BC28EC2C9A54490069C6CD /* Preview Assets.xcassets in Resources */,
				43BC29122C9D58F30069C6CD /* Montserrat-Medium.ttf in Resources */,
				43BC28E82C9A54490069C6CD /* Assets.xcassets in Resources */,
			);
			runOnlyForDeploymentPostprocessing = 0;
		};
/* End PBXResourcesBuildPhase section */

/* Begin PBXSourcesBuildPhase section */
		43BC28D72C9A54450069C6CD /* Sources */ = {
			isa = PBXSourcesBuildPhase;
			buildActionMask = 2147483647;
			files = (
				43BC290D2C9D44E20069C6CD /* TextFieldCustom.swift in Sources */,
				43BC29072C9CCE390069C6CD /* RegisterView.swift in Sources */,
				43BC28F62C9B7DB60069C6CD /* LoginView.swift in Sources */,
				43BC29092C9CD0850069C6CD /* Router.swift in Sources */,
				C10508062C9B4BE000B22737 /* CircularImageCarouselView.swift in Sources */,
				C105080A2C9B734800B22737 /* HomeFavoritesView.swift in Sources */,
				C10508122C9E2B9000B22737 /* TabContainerView.swift in Sources */,
				43BC28E42C9A54450069C6CD /* ShoesForTow.xcdatamodeld in Sources */,
				43BC29012C9BE30F0069C6CD /* Font+Extensions.swift in Sources */,
				C10508102C9E014300B22737 /* PrimaryButton.swift in Sources */,
				43BC28DF2C9A54450069C6CD /* ShoesForTowApp.swift in Sources */,
				C105080C2C9DE44D00B22737 /* AnglesComponentView.swift in Sources */,
				C10508182C9E35D600B22737 /* CircularImageView.swift in Sources */,
				43BC28E62C9A54450069C6CD /* ContentView.swift in Sources */,
				43BC28E12C9A54450069C6CD /* Persistence.swift in Sources */,
				43BC29162C9DCD290069C6CD /* DropDownPicker.swift in Sources */,
				43BC29042C9BE8270069C6CD /* Color+Extension.swift in Sources */,
				43BC290B2C9D13D60069C6CD /* TabBarCustom.swift in Sources */,
				C105080E2C9E00F400B22737 /* ShoeModel.swift in Sources */,
				C10508082C9B6ED600B22737 /* ShoeSlideView.swift in Sources */,
				C105081A2C9E43EF00B22737 /* HomeFavoritesPresenter.swift in Sources */,
			);
			runOnlyForDeploymentPostprocessing = 0;
		};
/* End PBXSourcesBuildPhase section */

/* Begin XCBuildConfiguration section */
		43BC28ED2C9A54490069C6CD /* Debug */ = {
			isa = XCBuildConfiguration;
			buildSettings = {
				ALWAYS_SEARCH_USER_PATHS = NO;
				ASSETCATALOG_COMPILER_GENERATE_SWIFT_ASSET_SYMBOL_EXTENSIONS = YES;
				CLANG_ANALYZER_NONNULL = YES;
				CLANG_ANALYZER_NUMBER_OBJECT_CONVERSION = YES_AGGRESSIVE;
				CLANG_CXX_LANGUAGE_STANDARD = "gnu++20";
				CLANG_ENABLE_MODULES = YES;
				CLANG_ENABLE_OBJC_ARC = YES;
				CLANG_ENABLE_OBJC_WEAK = YES;
				CLANG_WARN_BLOCK_CAPTURE_AUTORELEASING = YES;
				CLANG_WARN_BOOL_CONVERSION = YES;
				CLANG_WARN_COMMA = YES;
				CLANG_WARN_CONSTANT_CONVERSION = YES;
				CLANG_WARN_DEPRECATED_OBJC_IMPLEMENTATIONS = YES;
				CLANG_WARN_DIRECT_OBJC_ISA_USAGE = YES_ERROR;
				CLANG_WARN_DOCUMENTATION_COMMENTS = YES;
				CLANG_WARN_EMPTY_BODY = YES;
				CLANG_WARN_ENUM_CONVERSION = YES;
				CLANG_WARN_INFINITE_RECURSION = YES;
				CLANG_WARN_INT_CONVERSION = YES;
				CLANG_WARN_NON_LITERAL_NULL_CONVERSION = YES;
				CLANG_WARN_OBJC_IMPLICIT_RETAIN_SELF = YES;
				CLANG_WARN_OBJC_LITERAL_CONVERSION = YES;
				CLANG_WARN_OBJC_ROOT_CLASS = YES_ERROR;
				CLANG_WARN_QUOTED_INCLUDE_IN_FRAMEWORK_HEADER = YES;
				CLANG_WARN_RANGE_LOOP_ANALYSIS = YES;
				CLANG_WARN_STRICT_PROTOTYPES = YES;
				CLANG_WARN_SUSPICIOUS_MOVE = YES;
				CLANG_WARN_UNGUARDED_AVAILABILITY = YES_AGGRESSIVE;
				CLANG_WARN_UNREACHABLE_CODE = YES;
				CLANG_WARN__DUPLICATE_METHOD_MATCH = YES;
				COPY_PHASE_STRIP = NO;
				DEBUG_INFORMATION_FORMAT = dwarf;
				ENABLE_STRICT_OBJC_MSGSEND = YES;
				ENABLE_TESTABILITY = YES;
				ENABLE_USER_SCRIPT_SANDBOXING = YES;
				GCC_C_LANGUAGE_STANDARD = gnu17;
				GCC_DYNAMIC_NO_PIC = NO;
				GCC_NO_COMMON_BLOCKS = YES;
				GCC_OPTIMIZATION_LEVEL = 0;
				GCC_PREPROCESSOR_DEFINITIONS = (
					"DEBUG=1",
					"$(inherited)",
				);
				GCC_WARN_64_TO_32_BIT_CONVERSION = YES;
				GCC_WARN_ABOUT_RETURN_TYPE = YES_ERROR;
				GCC_WARN_UNDECLARED_SELECTOR = YES;
				GCC_WARN_UNINITIALIZED_AUTOS = YES_AGGRESSIVE;
				GCC_WARN_UNUSED_FUNCTION = YES;
				GCC_WARN_UNUSED_VARIABLE = YES;
				LOCALIZATION_PREFERS_STRING_CATALOGS = YES;
				MTL_ENABLE_DEBUG_INFO = INCLUDE_SOURCE;
				MTL_FAST_MATH = YES;
				ONLY_ACTIVE_ARCH = YES;
				SWIFT_ACTIVE_COMPILATION_CONDITIONS = "DEBUG $(inherited)";
				SWIFT_OPTIMIZATION_LEVEL = "-Onone";
			};
			name = Debug;
		};
		43BC28EE2C9A54490069C6CD /* Release */ = {
			isa = XCBuildConfiguration;
			buildSettings = {
				ALWAYS_SEARCH_USER_PATHS = NO;
				ASSETCATALOG_COMPILER_GENERATE_SWIFT_ASSET_SYMBOL_EXTENSIONS = YES;
				CLANG_ANALYZER_NONNULL = YES;
				CLANG_ANALYZER_NUMBER_OBJECT_CONVERSION = YES_AGGRESSIVE;
				CLANG_CXX_LANGUAGE_STANDARD = "gnu++20";
				CLANG_ENABLE_MODULES = YES;
				CLANG_ENABLE_OBJC_ARC = YES;
				CLANG_ENABLE_OBJC_WEAK = YES;
				CLANG_WARN_BLOCK_CAPTURE_AUTORELEASING = YES;
				CLANG_WARN_BOOL_CONVERSION = YES;
				CLANG_WARN_COMMA = YES;
				CLANG_WARN_CONSTANT_CONVERSION = YES;
				CLANG_WARN_DEPRECATED_OBJC_IMPLEMENTATIONS = YES;
				CLANG_WARN_DIRECT_OBJC_ISA_USAGE = YES_ERROR;
				CLANG_WARN_DOCUMENTATION_COMMENTS = YES;
				CLANG_WARN_EMPTY_BODY = YES;
				CLANG_WARN_ENUM_CONVERSION = YES;
				CLANG_WARN_INFINITE_RECURSION = YES;
				CLANG_WARN_INT_CONVERSION = YES;
				CLANG_WARN_NON_LITERAL_NULL_CONVERSION = YES;
				CLANG_WARN_OBJC_IMPLICIT_RETAIN_SELF = YES;
				CLANG_WARN_OBJC_LITERAL_CONVERSION = YES;
				CLANG_WARN_OBJC_ROOT_CLASS = YES_ERROR;
				CLANG_WARN_QUOTED_INCLUDE_IN_FRAMEWORK_HEADER = YES;
				CLANG_WARN_RANGE_LOOP_ANALYSIS = YES;
				CLANG_WARN_STRICT_PROTOTYPES = YES;
				CLANG_WARN_SUSPICIOUS_MOVE = YES;
				CLANG_WARN_UNGUARDED_AVAILABILITY = YES_AGGRESSIVE;
				CLANG_WARN_UNREACHABLE_CODE = YES;
				CLANG_WARN__DUPLICATE_METHOD_MATCH = YES;
				COPY_PHASE_STRIP = NO;
				DEBUG_INFORMATION_FORMAT = "dwarf-with-dsym";
				ENABLE_NS_ASSERTIONS = NO;
				ENABLE_STRICT_OBJC_MSGSEND = YES;
				ENABLE_USER_SCRIPT_SANDBOXING = YES;
				GCC_C_LANGUAGE_STANDARD = gnu17;
				GCC_NO_COMMON_BLOCKS = YES;
				GCC_WARN_64_TO_32_BIT_CONVERSION = YES;
				GCC_WARN_ABOUT_RETURN_TYPE = YES_ERROR;
				GCC_WARN_UNDECLARED_SELECTOR = YES;
				GCC_WARN_UNINITIALIZED_AUTOS = YES_AGGRESSIVE;
				GCC_WARN_UNUSED_FUNCTION = YES;
				GCC_WARN_UNUSED_VARIABLE = YES;
				LOCALIZATION_PREFERS_STRING_CATALOGS = YES;
				MTL_ENABLE_DEBUG_INFO = NO;
				MTL_FAST_MATH = YES;
				SWIFT_COMPILATION_MODE = wholemodule;
			};
			name = Release;
		};
		43BC28F02C9A54490069C6CD /* Debug */ = {
			isa = XCBuildConfiguration;
			buildSettings = {
				ASSETCATALOG_COMPILER_APPICON_NAME = AppIcon;
				ASSETCATALOG_COMPILER_GLOBAL_ACCENT_COLOR_NAME = AccentColor;
				CODE_SIGN_ENTITLEMENTS = ShoesForTow/ShoesForTow.entitlements;
				"CODE_SIGN_IDENTITY[sdk=macosx*]" = "-";
				CODE_SIGN_STYLE = Automatic;
				CURRENT_PROJECT_VERSION = 1;
				DEVELOPMENT_ASSET_PATHS = "\"ShoesForTow/Preview Content\"";
				DEVELOPMENT_TEAM = 6TTD2M2M2X;
				ENABLE_HARDENED_RUNTIME = YES;
				ENABLE_PREVIEWS = YES;
				GENERATE_INFOPLIST_FILE = YES;
				INFOPLIST_FILE = ShoesForTow/Info.plist;
				INFOPLIST_KEY_UIApplicationSceneManifest_Generation = YES;
				"INFOPLIST_KEY_UIApplicationSceneManifest_Generation[sdk=iphoneos*]" = YES;
				"INFOPLIST_KEY_UIApplicationSceneManifest_Generation[sdk=iphonesimulator*]" = YES;
				INFOPLIST_KEY_UIApplicationSupportsIndirectInputEvents = YES;
				"INFOPLIST_KEY_UIApplicationSupportsIndirectInputEvents[sdk=iphoneos*]" = YES;
				"INFOPLIST_KEY_UIApplicationSupportsIndirectInputEvents[sdk=iphonesimulator*]" = YES;
				INFOPLIST_KEY_UILaunchScreen_Generation = YES;
				"INFOPLIST_KEY_UILaunchScreen_Generation[sdk=iphoneos*]" = YES;
				"INFOPLIST_KEY_UILaunchScreen_Generation[sdk=iphonesimulator*]" = YES;
				INFOPLIST_KEY_UILaunchStoryboardName = "Launch Screen.storyboard";
				INFOPLIST_KEY_UIStatusBarStyle = UIStatusBarStyleDefault;
				"INFOPLIST_KEY_UIStatusBarStyle[sdk=iphoneos*]" = UIStatusBarStyleDefault;
				"INFOPLIST_KEY_UIStatusBarStyle[sdk=iphonesimulator*]" = UIStatusBarStyleDefault;
				INFOPLIST_KEY_UISupportedInterfaceOrientations = UIInterfaceOrientationPortrait;
				IPHONEOS_DEPLOYMENT_TARGET = 16.0;
				LD_RUNPATH_SEARCH_PATHS = "@executable_path/Frameworks";
				"LD_RUNPATH_SEARCH_PATHS[sdk=macosx*]" = "@executable_path/../Frameworks";
				MACOSX_DEPLOYMENT_TARGET = 14.5;
				MARKETING_VERSION = 1.0;
				PRODUCT_BUNDLE_IDENTIFIER = miguel.ShoesForTow;
				PRODUCT_NAME = "$(TARGET_NAME)";
				SDKROOT = iphoneos;
				SUPPORTED_PLATFORMS = "iphoneos iphonesimulator";
				SUPPORTS_MACCATALYST = NO;
				SWIFT_EMIT_LOC_STRINGS = YES;
				SWIFT_VERSION = 5.0;
				TARGETED_DEVICE_FAMILY = 1;
			};
			name = Debug;
		};
		43BC28F12C9A54490069C6CD /* Release */ = {
			isa = XCBuildConfiguration;
			buildSettings = {
				ASSETCATALOG_COMPILER_APPICON_NAME = AppIcon;
				ASSETCATALOG_COMPILER_GLOBAL_ACCENT_COLOR_NAME = AccentColor;
				CODE_SIGN_ENTITLEMENTS = ShoesForTow/ShoesForTow.entitlements;
				"CODE_SIGN_IDENTITY[sdk=macosx*]" = "-";
				CODE_SIGN_STYLE = Automatic;
				CURRENT_PROJECT_VERSION = 1;
				DEVELOPMENT_ASSET_PATHS = "\"ShoesForTow/Preview Content\"";
				DEVELOPMENT_TEAM = 6TTD2M2M2X;
				ENABLE_HARDENED_RUNTIME = YES;
				ENABLE_PREVIEWS = YES;
				GENERATE_INFOPLIST_FILE = YES;
				INFOPLIST_FILE = ShoesForTow/Info.plist;
				INFOPLIST_KEY_UIApplicationSceneManifest_Generation = YES;
				"INFOPLIST_KEY_UIApplicationSceneManifest_Generation[sdk=iphoneos*]" = YES;
				"INFOPLIST_KEY_UIApplicationSceneManifest_Generation[sdk=iphonesimulator*]" = YES;
				INFOPLIST_KEY_UIApplicationSupportsIndirectInputEvents = YES;
				"INFOPLIST_KEY_UIApplicationSupportsIndirectInputEvents[sdk=iphoneos*]" = YES;
				"INFOPLIST_KEY_UIApplicationSupportsIndirectInputEvents[sdk=iphonesimulator*]" = YES;
				INFOPLIST_KEY_UILaunchScreen_Generation = YES;
				"INFOPLIST_KEY_UILaunchScreen_Generation[sdk=iphoneos*]" = YES;
				"INFOPLIST_KEY_UILaunchScreen_Generation[sdk=iphonesimulator*]" = YES;
				INFOPLIST_KEY_UILaunchStoryboardName = "Launch Screen.storyboard";
				INFOPLIST_KEY_UIStatusBarStyle = UIStatusBarStyleDefault;
				"INFOPLIST_KEY_UIStatusBarStyle[sdk=iphoneos*]" = UIStatusBarStyleDefault;
				"INFOPLIST_KEY_UIStatusBarStyle[sdk=iphonesimulator*]" = UIStatusBarStyleDefault;
				INFOPLIST_KEY_UISupportedInterfaceOrientations = UIInterfaceOrientationPortrait;
				IPHONEOS_DEPLOYMENT_TARGET = 16.0;
				LD_RUNPATH_SEARCH_PATHS = "@executable_path/Frameworks";
				"LD_RUNPATH_SEARCH_PATHS[sdk=macosx*]" = "@executable_path/../Frameworks";
				MACOSX_DEPLOYMENT_TARGET = 14.5;
				MARKETING_VERSION = 1.0;
				PRODUCT_BUNDLE_IDENTIFIER = miguel.ShoesForTow;
				PRODUCT_NAME = "$(TARGET_NAME)";
				SDKROOT = iphoneos;
				SUPPORTED_PLATFORMS = "iphoneos iphonesimulator";
				SUPPORTS_MACCATALYST = NO;
				SWIFT_EMIT_LOC_STRINGS = YES;
				SWIFT_VERSION = 5.0;
				TARGETED_DEVICE_FAMILY = 1;
			};
			name = Release;
		};
/* End XCBuildConfiguration section */

/* Begin XCConfigurationList section */
		43BC28D62C9A54450069C6CD /* Build configuration list for PBXProject "ShoesForTow" */ = {
			isa = XCConfigurationList;
			buildConfigurations = (
				43BC28ED2C9A54490069C6CD /* Debug */,
				43BC28EE2C9A54490069C6CD /* Release */,
			);
			defaultConfigurationIsVisible = 0;
			defaultConfigurationName = Release;
		};
		43BC28EF2C9A54490069C6CD /* Build configuration list for PBXNativeTarget "ShoesForTow" */ = {
			isa = XCConfigurationList;
			buildConfigurations = (
				43BC28F02C9A54490069C6CD /* Debug */,
				43BC28F12C9A54490069C6CD /* Release */,
			);
			defaultConfigurationIsVisible = 0;
			defaultConfigurationName = Release;
		};
/* End XCConfigurationList section */

/* Begin XCVersionGroup section */
		43BC28E22C9A54450069C6CD /* ShoesForTow.xcdatamodeld */ = {
			isa = XCVersionGroup;
			children = (
				43BC28E32C9A54450069C6CD /* ShoesForTow.xcdatamodel */,
			);
			currentVersion = 43BC28E32C9A54450069C6CD /* ShoesForTow.xcdatamodel */;
			path = ShoesForTow.xcdatamodeld;
			sourceTree = "<group>";
			versionGroupType = wrapper.xcdatamodel;
		};
/* End XCVersionGroup section */
	};
	rootObject = 43BC28D32C9A54450069C6CD /* Project object */;
}
