// !$*UTF8*$!
{
	archiveVersion = 1;
	classes = {
	};
	objectVersion = 56;
	objects = {

/* Begin PBXBuildFile section */
		434D51A22CC15E15004610E9 /* OtherUserProfilePresenter.swift in Sources */ = {isa = PBXBuildFile; fileRef = 434D51A12CC15E15004610E9 /* OtherUserProfilePresenter.swift */; };
		434D51A52CC15EDD004610E9 /* OtherUserProfileService.swift in Sources */ = {isa = PBXBuildFile; fileRef = 434D51A42CC15EDD004610E9 /* OtherUserProfileService.swift */; };
		434D51A82CC15FCD004610E9 /* OtherUserProfileModel.swift in Sources */ = {isa = PBXBuildFile; fileRef = 434D51A72CC15FCD004610E9 /* OtherUserProfileModel.swift */; };
		4364B5DF2CB26DF100949B13 /* UserDefaults+Extensions.swift in Sources */ = {isa = PBXBuildFile; fileRef = 4364B5DE2CB26DF100949B13 /* UserDefaults+Extensions.swift */; };
		43661D742CB66A33007DF515 /* MatchService.swift in Sources */ = {isa = PBXBuildFile; fileRef = 43661D732CB66A33007DF515 /* MatchService.swift */; };
		43661D762CB66B7F007DF515 /* UsersMatchModel.swift in Sources */ = {isa = PBXBuildFile; fileRef = 43661D752CB66B7F007DF515 /* UsersMatchModel.swift */; };
		43661D792CB992FC007DF515 /* SendInvitationResponseModel.swift in Sources */ = {isa = PBXBuildFile; fileRef = 43661D782CB992FC007DF515 /* SendInvitationResponseModel.swift */; };
		43B2224B2C9F6B660035B655 /* ImagePickerView.swift in Sources */ = {isa = PBXBuildFile; fileRef = 43B2224A2C9F6B660035B655 /* ImagePickerView.swift */; };
		43B2224E2C9F6C950035B655 /* PickerCoordinator.swift in Sources */ = {isa = PBXBuildFile; fileRef = 43B2224D2C9F6C950035B655 /* PickerCoordinator.swift */; };
		43B222502C9F7FC80035B655 /* PHPickerSwiftUI.swift in Sources */ = {isa = PBXBuildFile; fileRef = 43B2224F2C9F7FC70035B655 /* PHPickerSwiftUI.swift */; };
		43B222522C9F90A70035B655 /* SetPerfilImageView.swift in Sources */ = {isa = PBXBuildFile; fileRef = 43B222512C9F90A70035B655 /* SetPerfilImageView.swift */; };
		43B222542C9F93200035B655 /* CheckTermsAndConditions.swift in Sources */ = {isa = PBXBuildFile; fileRef = 43B222532C9F93200035B655 /* CheckTermsAndConditions.swift */; };
		43B222562C9F93650035B655 /* ShowGenderRegister.swift in Sources */ = {isa = PBXBuildFile; fileRef = 43B222552C9F93650035B655 /* ShowGenderRegister.swift */; };
		43B2225A2C9FFEBF0035B655 /* LoginViewPresenter.swift in Sources */ = {isa = PBXBuildFile; fileRef = 43B222592C9FFEBF0035B655 /* LoginViewPresenter.swift */; };
		43B2225C2C9FFF390035B655 /* RegisterPresenter.swift in Sources */ = {isa = PBXBuildFile; fileRef = 43B2225B2C9FFF390035B655 /* RegisterPresenter.swift */; };
		43B222612CA005600035B655 /* PerfilMenuView.swift in Sources */ = {isa = PBXBuildFile; fileRef = 43B222602CA005600035B655 /* PerfilMenuView.swift */; };
		43B222632CA005730035B655 /* PerfilMenuPresenter.swift in Sources */ = {isa = PBXBuildFile; fileRef = 43B222622CA005730035B655 /* PerfilMenuPresenter.swift */; };
		43B222662CA01C140035B655 /* PerfilView.swift in Sources */ = {isa = PBXBuildFile; fileRef = 43B222652CA01C140035B655 /* PerfilView.swift */; };
		43B222682CA01CC10035B655 /* PerfilPresenter.swift in Sources */ = {isa = PBXBuildFile; fileRef = 43B222672CA01CC10035B655 /* PerfilPresenter.swift */; };
		43B2226B2CA292E80035B655 /* MatchPresenter.swift in Sources */ = {isa = PBXBuildFile; fileRef = 43B2226A2CA292E80035B655 /* MatchPresenter.swift */; };
		43B2226E2CA2A7B70035B655 /* PopupView.swift in Sources */ = {isa = PBXBuildFile; fileRef = 43B2226D2CA2A7B70035B655 /* PopupView.swift */; };
		43B222712CA3F1600035B655 /* PurchaseSendInformationView.swift in Sources */ = {isa = PBXBuildFile; fileRef = 43B222702CA3F1600035B655 /* PurchaseSendInformationView.swift */; };
		43B222732CA3F5010035B655 /* PurchaseSendInformationPresenter.swift in Sources */ = {isa = PBXBuildFile; fileRef = 43B222722CA3F5010035B655 /* PurchaseSendInformationPresenter.swift */; };
		43B222762CA401770035B655 /* PaymentConfirmationView.swift in Sources */ = {isa = PBXBuildFile; fileRef = 43B222752CA401770035B655 /* PaymentConfirmationView.swift */; };
		43B222782CA401910035B655 /* PaymentConfirmationPresenter.swift in Sources */ = {isa = PBXBuildFile; fileRef = 43B222772CA401910035B655 /* PaymentConfirmationPresenter.swift */; };
		43B2227B2CA6870B0035B655 /* SeeOrderStatusView.swift in Sources */ = {isa = PBXBuildFile; fileRef = 43B2227A2CA6870B0035B655 /* SeeOrderStatusView.swift */; };
		43B2227D2CA687210035B655 /* SeeOrderStatusPresenter.swift in Sources */ = {isa = PBXBuildFile; fileRef = 43B2227C2CA687210035B655 /* SeeOrderStatusPresenter.swift */; };
		43B222802CA69D060035B655 /* CarShopView.swift in Sources */ = {isa = PBXBuildFile; fileRef = 43B2227F2CA69D060035B655 /* CarShopView.swift */; };
		43B222822CA69D1E0035B655 /* CarShopPresenter.swift in Sources */ = {isa = PBXBuildFile; fileRef = 43B222812CA69D1E0035B655 /* CarShopPresenter.swift */; };
		43B222842CA6A1D40035B655 /* CardToBuy.swift in Sources */ = {isa = PBXBuildFile; fileRef = 43B222832CA6A1D40035B655 /* CardToBuy.swift */; };
		43B222872CA7D50A0035B655 /* MyOrderView.swift in Sources */ = {isa = PBXBuildFile; fileRef = 43B222862CA7D50A0035B655 /* MyOrderView.swift */; };
		43B222892CA7D52D0035B655 /* MyOrderPresenter.swift in Sources */ = {isa = PBXBuildFile; fileRef = 43B222882CA7D52D0035B655 /* MyOrderPresenter.swift */; };
		43B2228C2CA7E2C50035B655 /* InvitationsView.swift in Sources */ = {isa = PBXBuildFile; fileRef = 43B2228B2CA7E2C50035B655 /* InvitationsView.swift */; };
		43B2228E2CA7E2DD0035B655 /* InvitationsPresenter.swift in Sources */ = {isa = PBXBuildFile; fileRef = 43B2228D2CA7E2DD0035B655 /* InvitationsPresenter.swift */; };
		43B222912CA7EE170035B655 /* HelpView.swift in Sources */ = {isa = PBXBuildFile; fileRef = 43B222902CA7EE170035B655 /* HelpView.swift */; };
		43B222932CA7EE370035B655 /* HelpPresenter.swift in Sources */ = {isa = PBXBuildFile; fileRef = 43B222922CA7EE370035B655 /* HelpPresenter.swift */; };
		43BC28DF2C9A54450069C6CD /* ShoesForTowApp.swift in Sources */ = {isa = PBXBuildFile; fileRef = 43BC28DE2C9A54450069C6CD /* ShoesForTowApp.swift */; };
		43BC28E12C9A54450069C6CD /* Persistence.swift in Sources */ = {isa = PBXBuildFile; fileRef = 43BC28E02C9A54450069C6CD /* Persistence.swift */; };
		43BC28E42C9A54450069C6CD /* ShoesForTow.xcdatamodeld in Sources */ = {isa = PBXBuildFile; fileRef = 43BC28E22C9A54450069C6CD /* ShoesForTow.xcdatamodeld */; };
		43BC28E62C9A54450069C6CD /* ContentView.swift in Sources */ = {isa = PBXBuildFile; fileRef = 43BC28E52C9A54450069C6CD /* ContentView.swift */; };
		43BC28E82C9A54490069C6CD /* Assets.xcassets in Resources */ = {isa = PBXBuildFile; fileRef = 43BC28E72C9A54490069C6CD /* Assets.xcassets */; };
		43BC28EC2C9A54490069C6CD /* Preview Assets.xcassets in Resources */ = {isa = PBXBuildFile; fileRef = 43BC28EB2C9A54490069C6CD /* Preview Assets.xcassets */; };
		43BC28F32C9B79740069C6CD /* Launch Screen.storyboard in Resources */ = {isa = PBXBuildFile; fileRef = 43BC28F22C9B79740069C6CD /* Launch Screen.storyboard */; };
		43BC28F62C9B7DB60069C6CD /* LoginView.swift in Sources */ = {isa = PBXBuildFile; fileRef = 43BC28F52C9B7DB60069C6CD /* LoginView.swift */; };
		43BC29012C9BE30F0069C6CD /* Font+Extensions.swift in Sources */ = {isa = PBXBuildFile; fileRef = 43BC29002C9BE30F0069C6CD /* Font+Extensions.swift */; };
		43BC29042C9BE8270069C6CD /* Color+Extension.swift in Sources */ = {isa = PBXBuildFile; fileRef = 43BC29032C9BE8270069C6CD /* Color+Extension.swift */; };
		43BC29072C9CCE390069C6CD /* RegisterView.swift in Sources */ = {isa = PBXBuildFile; fileRef = 43BC29062C9CCE390069C6CD /* RegisterView.swift */; };
		43BC29092C9CD0850069C6CD /* Router.swift in Sources */ = {isa = PBXBuildFile; fileRef = 43BC29082C9CD0850069C6CD /* Router.swift */; };
		43BC290B2C9D13D60069C6CD /* TabBarCustom.swift in Sources */ = {isa = PBXBuildFile; fileRef = 43BC290A2C9D13D60069C6CD /* TabBarCustom.swift */; };
		43BC290D2C9D44E20069C6CD /* TextFieldCustom.swift in Sources */ = {isa = PBXBuildFile; fileRef = 43BC290C2C9D44E20069C6CD /* TextFieldCustom.swift */; };
		43BC290E2C9D58E60069C6CD /* Montserrat-Black.ttf in Resources */ = {isa = PBXBuildFile; fileRef = 43BC28FC2C9BE2860069C6CD /* Montserrat-Black.ttf */; };
		43BC290F2C9D58EA0069C6CD /* Montserrat-Bold.ttf in Resources */ = {isa = PBXBuildFile; fileRef = 43BC28F82C9BE2850069C6CD /* Montserrat-Bold.ttf */; };
		43BC29102C9D58ED0069C6CD /* Montserrat-ExtraBold.ttf in Resources */ = {isa = PBXBuildFile; fileRef = 43BC28FA2C9BE2860069C6CD /* Montserrat-ExtraBold.ttf */; };
		43BC29112C9D58F00069C6CD /* Montserrat-Light.ttf in Resources */ = {isa = PBXBuildFile; fileRef = 43BC28FD2C9BE2860069C6CD /* Montserrat-Light.ttf */; };
		43BC29122C9D58F30069C6CD /* Montserrat-Medium.ttf in Resources */ = {isa = PBXBuildFile; fileRef = 43BC28FE2C9BE2860069C6CD /* Montserrat-Medium.ttf */; };
		43BC29132C9D58F50069C6CD /* Montserrat-Regular.ttf in Resources */ = {isa = PBXBuildFile; fileRef = 43BC28F92C9BE2860069C6CD /* Montserrat-Regular.ttf */; };
		43BC29142C9D58F80069C6CD /* Montserrat-SemiBold.ttf in Resources */ = {isa = PBXBuildFile; fileRef = 43BC28FB2C9BE2860069C6CD /* Montserrat-SemiBold.ttf */; };
		43BC29162C9DCD290069C6CD /* DropDownPicker.swift in Sources */ = {isa = PBXBuildFile; fileRef = 43BC29152C9DCD290069C6CD /* DropDownPicker.swift */; };
		43CB1F9E2CAF775B00C57C76 /* UImage+Extensions.swift in Sources */ = {isa = PBXBuildFile; fileRef = 43CB1F9D2CAF775B00C57C76 /* UImage+Extensions.swift */; };
		C10508062C9B4BE000B22737 /* CircularImageCarouselView.swift in Sources */ = {isa = PBXBuildFile; fileRef = C10508052C9B4BE000B22737 /* CircularImageCarouselView.swift */; };
		C10508082C9B6ED600B22737 /* ShoeSlideView.swift in Sources */ = {isa = PBXBuildFile; fileRef = C10508072C9B6ED600B22737 /* ShoeSlideView.swift */; };
		C105080A2C9B734800B22737 /* HomeMatchView.swift in Sources */ = {isa = PBXBuildFile; fileRef = C10508092C9B734700B22737 /* HomeMatchView.swift */; };
		C105080C2C9DE44D00B22737 /* AnglesComponentView.swift in Sources */ = {isa = PBXBuildFile; fileRef = C105080B2C9DE44D00B22737 /* AnglesComponentView.swift */; };
		C105080E2C9E00F400B22737 /* ShoeModel.swift in Sources */ = {isa = PBXBuildFile; fileRef = C105080D2C9E00F400B22737 /* ShoeModel.swift */; };
		C10508102C9E014300B22737 /* PrimaryButton.swift in Sources */ = {isa = PBXBuildFile; fileRef = C105080F2C9E014300B22737 /* PrimaryButton.swift */; };
		C10508122C9E2B9000B22737 /* TabContainerView.swift in Sources */ = {isa = PBXBuildFile; fileRef = C10508112C9E2B9000B22737 /* TabContainerView.swift */; };
		C10508182C9E35D600B22737 /* CircularImageView.swift in Sources */ = {isa = PBXBuildFile; fileRef = C10508172C9E35D600B22737 /* CircularImageView.swift */; };
		C105081A2C9E43EF00B22737 /* HomeMatchPresenter.swift in Sources */ = {isa = PBXBuildFile; fileRef = C10508192C9E43EF00B22737 /* HomeMatchPresenter.swift */; };
		C105081C2C9FC10B00B22737 /* MatchView.swift in Sources */ = {isa = PBXBuildFile; fileRef = C105081B2C9FC10B00B22737 /* MatchView.swift */; };
		C105081E2C9FC28100B22737 /* Image+Entensions.swift in Sources */ = {isa = PBXBuildFile; fileRef = C105081D2C9FC28100B22737 /* Image+Entensions.swift */; };
		C10508202C9FCD6600B22737 /* ShoeDetailView.swift in Sources */ = {isa = PBXBuildFile; fileRef = C105081F2C9FCD6600B22737 /* ShoeDetailView.swift */; };
		C10508222CA370CD00B22737 /* MatchInvitationView.swift in Sources */ = {isa = PBXBuildFile; fileRef = C10508212CA370CD00B22737 /* MatchInvitationView.swift */; };
		C10508242CA372DB00B22737 /* MatchShoeDetailView.swift in Sources */ = {isa = PBXBuildFile; fileRef = C10508232CA372DB00B22737 /* MatchShoeDetailView.swift */; };
		C10508262CA3868800B22737 /* CompletePurchaseView.swift in Sources */ = {isa = PBXBuildFile; fileRef = C10508252CA3868800B22737 /* CompletePurchaseView.swift */; };
		C125C3EB2CAB8D500020CEF3 /* APIEndpointProperties+Methods.swift in Sources */ = {isa = PBXBuildFile; fileRef = C125C3EA2CAB8D500020CEF3 /* APIEndpointProperties+Methods.swift */; };
		C125C3EE2CAB8DB80020CEF3 /* DataEndpoints.swift in Sources */ = {isa = PBXBuildFile; fileRef = C125C3ED2CAB8DB80020CEF3 /* DataEndpoints.swift */; };
		C125C3F02CAB8E1E0020CEF3 /* APIClientProtocol.swift in Sources */ = {isa = PBXBuildFile; fileRef = C125C3EF2CAB8E1E0020CEF3 /* APIClientProtocol.swift */; };
		C125C3F22CAB8E3C0020CEF3 /* URLSessionAPIClient.swift in Sources */ = {isa = PBXBuildFile; fileRef = C125C3F12CAB8E3C0020CEF3 /* URLSessionAPIClient.swift */; };
		C125C3F52CAC7A160020CEF3 /* LoginSerivice.swift in Sources */ = {isa = PBXBuildFile; fileRef = C125C3F42CAC7A160020CEF3 /* LoginSerivice.swift */; };
		C125C3F82CAC7D830020CEF3 /* LoginModels.swift in Sources */ = {isa = PBXBuildFile; fileRef = C125C3F72CAC7D830020CEF3 /* LoginModels.swift */; };
		C125C3FA2CAC84C70020CEF3 /* RegistrationService.swift in Sources */ = {isa = PBXBuildFile; fileRef = C125C3F92CAC84C70020CEF3 /* RegistrationService.swift */; };
		C125C3FD2CAD9E4C0020CEF3 /* RegistrationModels.swift in Sources */ = {isa = PBXBuildFile; fileRef = C125C3FC2CAD9E4C0020CEF3 /* RegistrationModels.swift */; };
		C125C3FF2CADA0CB0020CEF3 /* FavoritesView.swift in Sources */ = {isa = PBXBuildFile; fileRef = C125C3FE2CADA0CB0020CEF3 /* FavoritesView.swift */; };
		C125C4032CADB39E0020CEF3 /* FavoritesService.swift in Sources */ = {isa = PBXBuildFile; fileRef = C125C4022CADB39E0020CEF3 /* FavoritesService.swift */; };
		C125C4062CADB3CE0020CEF3 /* FavoritesPresenter.swift in Sources */ = {isa = PBXBuildFile; fileRef = C125C4052CADB3CE0020CEF3 /* FavoritesPresenter.swift */; };
		C160C8812CA913A600FF77EC /* ImageGridView.swift in Sources */ = {isa = PBXBuildFile; fileRef = C160C8802CA913A600FF77EC /* ImageGridView.swift */; };
		C160C8842CA920AE00FF77EC /* TabContainerPresenter.swift in Sources */ = {isa = PBXBuildFile; fileRef = C160C8832CA920AE00FF77EC /* TabContainerPresenter.swift */; };
		C160C8862CA9211F00FF77EC /* CustomNavigation.swift in Sources */ = {isa = PBXBuildFile; fileRef = C160C8852CA9211F00FF77EC /* CustomNavigation.swift */; };
		C160C88B2CA921BA00FF77EC /* RouterProtocol.swift in Sources */ = {isa = PBXBuildFile; fileRef = C160C88A2CA921BA00FF77EC /* RouterProtocol.swift */; };
		C160C88D2CA921EF00FF77EC /* MatchRouter.swift in Sources */ = {isa = PBXBuildFile; fileRef = C160C88C2CA921EF00FF77EC /* MatchRouter.swift */; };
		C160C8902CA9226600FF77EC /* ImageGridModel.swift in Sources */ = {isa = PBXBuildFile; fileRef = C160C88F2CA9226600FF77EC /* ImageGridModel.swift */; };
		C160C8922CAA372600FF77EC /* OtherUserProfileView.swift in Sources */ = {isa = PBXBuildFile; fileRef = C160C8912CAA372600FF77EC /* OtherUserProfileView.swift */; };
		C160C8942CAA3D2F00FF77EC /* ProfileRouter.swift in Sources */ = {isa = PBXBuildFile; fileRef = C160C8932CAA3D2F00FF77EC /* ProfileRouter.swift */; };
		C17A33092CAFBE2B0049525B /* ImageDownloaderView.swift in Sources */ = {isa = PBXBuildFile; fileRef = C17A33082CAFBE2A0049525B /* ImageDownloaderView.swift */; };
		C17A330B2CB101C70049525B /* HomeMatchService.swift in Sources */ = {isa = PBXBuildFile; fileRef = C17A330A2CB101C70049525B /* HomeMatchService.swift */; };
/* End PBXBuildFile section */

/* Begin PBXFileReference section */
		434D51A12CC15E15004610E9 /* OtherUserProfilePresenter.swift */ = {isa = PBXFileReference; lastKnownFileType = sourcecode.swift; path = OtherUserProfilePresenter.swift; sourceTree = "<group>"; };
		434D51A42CC15EDD004610E9 /* OtherUserProfileService.swift */ = {isa = PBXFileReference; lastKnownFileType = sourcecode.swift; path = OtherUserProfileService.swift; sourceTree = "<group>"; };
		434D51A72CC15FCD004610E9 /* OtherUserProfileModel.swift */ = {isa = PBXFileReference; lastKnownFileType = sourcecode.swift; path = OtherUserProfileModel.swift; sourceTree = "<group>"; };
		4364B5DE2CB26DF100949B13 /* UserDefaults+Extensions.swift */ = {isa = PBXFileReference; lastKnownFileType = sourcecode.swift; path = "UserDefaults+Extensions.swift"; sourceTree = "<group>"; };
		43661D732CB66A33007DF515 /* MatchService.swift */ = {isa = PBXFileReference; lastKnownFileType = sourcecode.swift; path = MatchService.swift; sourceTree = "<group>"; };
		43661D752CB66B7F007DF515 /* UsersMatchModel.swift */ = {isa = PBXFileReference; lastKnownFileType = sourcecode.swift; path = UsersMatchModel.swift; sourceTree = "<group>"; };
		43661D782CB992FC007DF515 /* SendInvitationResponseModel.swift */ = {isa = PBXFileReference; lastKnownFileType = sourcecode.swift; path = SendInvitationResponseModel.swift; sourceTree = "<group>"; };
		43B2224A2C9F6B660035B655 /* ImagePickerView.swift */ = {isa = PBXFileReference; lastKnownFileType = sourcecode.swift; path = ImagePickerView.swift; sourceTree = "<group>"; };
		43B2224D2C9F6C950035B655 /* PickerCoordinator.swift */ = {isa = PBXFileReference; lastKnownFileType = sourcecode.swift; path = PickerCoordinator.swift; sourceTree = "<group>"; };
		43B2224F2C9F7FC70035B655 /* PHPickerSwiftUI.swift */ = {isa = PBXFileReference; lastKnownFileType = sourcecode.swift; path = PHPickerSwiftUI.swift; sourceTree = "<group>"; };
		43B222512C9F90A70035B655 /* SetPerfilImageView.swift */ = {isa = PBXFileReference; lastKnownFileType = sourcecode.swift; path = SetPerfilImageView.swift; sourceTree = "<group>"; };
		43B222532C9F93200035B655 /* CheckTermsAndConditions.swift */ = {isa = PBXFileReference; lastKnownFileType = sourcecode.swift; path = CheckTermsAndConditions.swift; sourceTree = "<group>"; };
		43B222552C9F93650035B655 /* ShowGenderRegister.swift */ = {isa = PBXFileReference; lastKnownFileType = sourcecode.swift; path = ShowGenderRegister.swift; sourceTree = "<group>"; };
		43B222592C9FFEBF0035B655 /* LoginViewPresenter.swift */ = {isa = PBXFileReference; lastKnownFileType = sourcecode.swift; path = LoginViewPresenter.swift; sourceTree = "<group>"; };
		43B2225B2C9FFF390035B655 /* RegisterPresenter.swift */ = {isa = PBXFileReference; lastKnownFileType = sourcecode.swift; path = RegisterPresenter.swift; sourceTree = "<group>"; };
		43B222602CA005600035B655 /* PerfilMenuView.swift */ = {isa = PBXFileReference; lastKnownFileType = sourcecode.swift; path = PerfilMenuView.swift; sourceTree = "<group>"; };
		43B222622CA005730035B655 /* PerfilMenuPresenter.swift */ = {isa = PBXFileReference; lastKnownFileType = sourcecode.swift; path = PerfilMenuPresenter.swift; sourceTree = "<group>"; };
		43B222652CA01C140035B655 /* PerfilView.swift */ = {isa = PBXFileReference; lastKnownFileType = sourcecode.swift; path = PerfilView.swift; sourceTree = "<group>"; };
		43B222672CA01CC10035B655 /* PerfilPresenter.swift */ = {isa = PBXFileReference; lastKnownFileType = sourcecode.swift; path = PerfilPresenter.swift; sourceTree = "<group>"; };
		43B2226A2CA292E80035B655 /* MatchPresenter.swift */ = {isa = PBXFileReference; lastKnownFileType = sourcecode.swift; path = MatchPresenter.swift; sourceTree = "<group>"; };
		43B2226D2CA2A7B70035B655 /* PopupView.swift */ = {isa = PBXFileReference; lastKnownFileType = sourcecode.swift; path = PopupView.swift; sourceTree = "<group>"; };
		43B222702CA3F1600035B655 /* PurchaseSendInformationView.swift */ = {isa = PBXFileReference; lastKnownFileType = sourcecode.swift; path = PurchaseSendInformationView.swift; sourceTree = "<group>"; };
		43B222722CA3F5010035B655 /* PurchaseSendInformationPresenter.swift */ = {isa = PBXFileReference; lastKnownFileType = sourcecode.swift; path = PurchaseSendInformationPresenter.swift; sourceTree = "<group>"; };
		43B222752CA401770035B655 /* PaymentConfirmationView.swift */ = {isa = PBXFileReference; lastKnownFileType = sourcecode.swift; path = PaymentConfirmationView.swift; sourceTree = "<group>"; };
		43B222772CA401910035B655 /* PaymentConfirmationPresenter.swift */ = {isa = PBXFileReference; lastKnownFileType = sourcecode.swift; path = PaymentConfirmationPresenter.swift; sourceTree = "<group>"; };
		43B2227A2CA6870B0035B655 /* SeeOrderStatusView.swift */ = {isa = PBXFileReference; lastKnownFileType = sourcecode.swift; path = SeeOrderStatusView.swift; sourceTree = "<group>"; };
		43B2227C2CA687210035B655 /* SeeOrderStatusPresenter.swift */ = {isa = PBXFileReference; lastKnownFileType = sourcecode.swift; path = SeeOrderStatusPresenter.swift; sourceTree = "<group>"; };
		43B2227F2CA69D060035B655 /* CarShopView.swift */ = {isa = PBXFileReference; lastKnownFileType = sourcecode.swift; path = CarShopView.swift; sourceTree = "<group>"; };
		43B222812CA69D1E0035B655 /* CarShopPresenter.swift */ = {isa = PBXFileReference; lastKnownFileType = sourcecode.swift; path = CarShopPresenter.swift; sourceTree = "<group>"; };
		43B222832CA6A1D40035B655 /* CardToBuy.swift */ = {isa = PBXFileReference; lastKnownFileType = sourcecode.swift; path = CardToBuy.swift; sourceTree = "<group>"; };
		43B222862CA7D50A0035B655 /* MyOrderView.swift */ = {isa = PBXFileReference; lastKnownFileType = sourcecode.swift; path = MyOrderView.swift; sourceTree = "<group>"; };
		43B222882CA7D52D0035B655 /* MyOrderPresenter.swift */ = {isa = PBXFileReference; lastKnownFileType = sourcecode.swift; path = MyOrderPresenter.swift; sourceTree = "<group>"; };
		43B2228B2CA7E2C50035B655 /* InvitationsView.swift */ = {isa = PBXFileReference; lastKnownFileType = sourcecode.swift; path = InvitationsView.swift; sourceTree = "<group>"; };
		43B2228D2CA7E2DD0035B655 /* InvitationsPresenter.swift */ = {isa = PBXFileReference; lastKnownFileType = sourcecode.swift; path = InvitationsPresenter.swift; sourceTree = "<group>"; };
		43B222902CA7EE170035B655 /* HelpView.swift */ = {isa = PBXFileReference; lastKnownFileType = sourcecode.swift; path = HelpView.swift; sourceTree = "<group>"; };
		43B222922CA7EE370035B655 /* HelpPresenter.swift */ = {isa = PBXFileReference; lastKnownFileType = sourcecode.swift; path = HelpPresenter.swift; sourceTree = "<group>"; };
		43BC28DB2C9A54450069C6CD /* ShoesForTow.app */ = {isa = PBXFileReference; explicitFileType = wrapper.application; includeInIndex = 0; path = ShoesForTow.app; sourceTree = BUILT_PRODUCTS_DIR; };
		43BC28DE2C9A54450069C6CD /* ShoesForTowApp.swift */ = {isa = PBXFileReference; lastKnownFileType = sourcecode.swift; path = ShoesForTowApp.swift; sourceTree = "<group>"; };
		43BC28E02C9A54450069C6CD /* Persistence.swift */ = {isa = PBXFileReference; lastKnownFileType = sourcecode.swift; path = Persistence.swift; sourceTree = "<group>"; };
		43BC28E32C9A54450069C6CD /* ShoesForTow.xcdatamodel */ = {isa = PBXFileReference; lastKnownFileType = wrapper.xcdatamodel; path = ShoesForTow.xcdatamodel; sourceTree = "<group>"; };
		43BC28E52C9A54450069C6CD /* ContentView.swift */ = {isa = PBXFileReference; lastKnownFileType = sourcecode.swift; path = ContentView.swift; sourceTree = "<group>"; };
		43BC28E72C9A54490069C6CD /* Assets.xcassets */ = {isa = PBXFileReference; lastKnownFileType = folder.assetcatalog; path = Assets.xcassets; sourceTree = "<group>"; };
		43BC28E92C9A54490069C6CD /* ShoesForTow.entitlements */ = {isa = PBXFileReference; lastKnownFileType = text.plist.entitlements; path = ShoesForTow.entitlements; sourceTree = "<group>"; };
		43BC28EB2C9A54490069C6CD /* Preview Assets.xcassets */ = {isa = PBXFileReference; lastKnownFileType = folder.assetcatalog; path = "Preview Assets.xcassets"; sourceTree = "<group>"; };
		43BC28F22C9B79740069C6CD /* Launch Screen.storyboard */ = {isa = PBXFileReference; lastKnownFileType = file.storyboard; path = "Launch Screen.storyboard"; sourceTree = "<group>"; };
		43BC28F52C9B7DB60069C6CD /* LoginView.swift */ = {isa = PBXFileReference; lastKnownFileType = sourcecode.swift; path = LoginView.swift; sourceTree = "<group>"; };
		43BC28F82C9BE2850069C6CD /* Montserrat-Bold.ttf */ = {isa = PBXFileReference; lastKnownFileType = file; path = "Montserrat-Bold.ttf"; sourceTree = "<group>"; };
		43BC28F92C9BE2860069C6CD /* Montserrat-Regular.ttf */ = {isa = PBXFileReference; lastKnownFileType = file; path = "Montserrat-Regular.ttf"; sourceTree = "<group>"; };
		43BC28FA2C9BE2860069C6CD /* Montserrat-ExtraBold.ttf */ = {isa = PBXFileReference; lastKnownFileType = file; path = "Montserrat-ExtraBold.ttf"; sourceTree = "<group>"; };
		43BC28FB2C9BE2860069C6CD /* Montserrat-SemiBold.ttf */ = {isa = PBXFileReference; lastKnownFileType = file; path = "Montserrat-SemiBold.ttf"; sourceTree = "<group>"; };
		43BC28FC2C9BE2860069C6CD /* Montserrat-Black.ttf */ = {isa = PBXFileReference; lastKnownFileType = file; path = "Montserrat-Black.ttf"; sourceTree = "<group>"; };
		43BC28FD2C9BE2860069C6CD /* Montserrat-Light.ttf */ = {isa = PBXFileReference; lastKnownFileType = file; path = "Montserrat-Light.ttf"; sourceTree = "<group>"; };
		43BC28FE2C9BE2860069C6CD /* Montserrat-Medium.ttf */ = {isa = PBXFileReference; lastKnownFileType = file; path = "Montserrat-Medium.ttf"; sourceTree = "<group>"; };
		43BC29002C9BE30F0069C6CD /* Font+Extensions.swift */ = {isa = PBXFileReference; lastKnownFileType = sourcecode.swift; path = "Font+Extensions.swift"; sourceTree = "<group>"; };
		43BC29022C9BE5ED0069C6CD /* Info.plist */ = {isa = PBXFileReference; lastKnownFileType = text.plist; path = Info.plist; sourceTree = "<group>"; };
		43BC29032C9BE8270069C6CD /* Color+Extension.swift */ = {isa = PBXFileReference; lastKnownFileType = sourcecode.swift; path = "Color+Extension.swift"; sourceTree = "<group>"; };
		43BC29062C9CCE390069C6CD /* RegisterView.swift */ = {isa = PBXFileReference; lastKnownFileType = sourcecode.swift; path = RegisterView.swift; sourceTree = "<group>"; };
		43BC29082C9CD0850069C6CD /* Router.swift */ = {isa = PBXFileReference; lastKnownFileType = sourcecode.swift; path = Router.swift; sourceTree = "<group>"; };
		43BC290A2C9D13D60069C6CD /* TabBarCustom.swift */ = {isa = PBXFileReference; lastKnownFileType = sourcecode.swift; path = TabBarCustom.swift; sourceTree = "<group>"; };
		43BC290C2C9D44E20069C6CD /* TextFieldCustom.swift */ = {isa = PBXFileReference; lastKnownFileType = sourcecode.swift; path = TextFieldCustom.swift; sourceTree = "<group>"; };
		43BC29152C9DCD290069C6CD /* DropDownPicker.swift */ = {isa = PBXFileReference; lastKnownFileType = sourcecode.swift; path = DropDownPicker.swift; sourceTree = "<group>"; };
		43CB1F9D2CAF775B00C57C76 /* UImage+Extensions.swift */ = {isa = PBXFileReference; lastKnownFileType = sourcecode.swift; path = "UImage+Extensions.swift"; sourceTree = "<group>"; };
		C10508052C9B4BE000B22737 /* CircularImageCarouselView.swift */ = {isa = PBXFileReference; lastKnownFileType = sourcecode.swift; path = CircularImageCarouselView.swift; sourceTree = "<group>"; };
		C10508072C9B6ED600B22737 /* ShoeSlideView.swift */ = {isa = PBXFileReference; lastKnownFileType = sourcecode.swift; path = ShoeSlideView.swift; sourceTree = "<group>"; };
		C10508092C9B734700B22737 /* HomeMatchView.swift */ = {isa = PBXFileReference; lastKnownFileType = sourcecode.swift; path = HomeMatchView.swift; sourceTree = "<group>"; };
		C105080B2C9DE44D00B22737 /* AnglesComponentView.swift */ = {isa = PBXFileReference; lastKnownFileType = sourcecode.swift; path = AnglesComponentView.swift; sourceTree = "<group>"; };
		C105080D2C9E00F400B22737 /* ShoeModel.swift */ = {isa = PBXFileReference; lastKnownFileType = sourcecode.swift; path = ShoeModel.swift; sourceTree = "<group>"; };
		C105080F2C9E014300B22737 /* PrimaryButton.swift */ = {isa = PBXFileReference; lastKnownFileType = sourcecode.swift; path = PrimaryButton.swift; sourceTree = "<group>"; };
		C10508112C9E2B9000B22737 /* TabContainerView.swift */ = {isa = PBXFileReference; lastKnownFileType = sourcecode.swift; path = TabContainerView.swift; sourceTree = "<group>"; };
		C10508172C9E35D600B22737 /* CircularImageView.swift */ = {isa = PBXFileReference; lastKnownFileType = sourcecode.swift; path = CircularImageView.swift; sourceTree = "<group>"; };
		C10508192C9E43EF00B22737 /* HomeMatchPresenter.swift */ = {isa = PBXFileReference; lastKnownFileType = sourcecode.swift; path = HomeMatchPresenter.swift; sourceTree = "<group>"; };
		C105081B2C9FC10B00B22737 /* MatchView.swift */ = {isa = PBXFileReference; lastKnownFileType = sourcecode.swift; path = MatchView.swift; sourceTree = "<group>"; };
		C105081D2C9FC28100B22737 /* Image+Entensions.swift */ = {isa = PBXFileReference; lastKnownFileType = sourcecode.swift; path = "Image+Entensions.swift"; sourceTree = "<group>"; };
		C105081F2C9FCD6600B22737 /* ShoeDetailView.swift */ = {isa = PBXFileReference; lastKnownFileType = sourcecode.swift; path = ShoeDetailView.swift; sourceTree = "<group>"; };
		C10508212CA370CD00B22737 /* MatchInvitationView.swift */ = {isa = PBXFileReference; lastKnownFileType = sourcecode.swift; path = MatchInvitationView.swift; sourceTree = "<group>"; };
		C10508232CA372DB00B22737 /* MatchShoeDetailView.swift */ = {isa = PBXFileReference; lastKnownFileType = sourcecode.swift; path = MatchShoeDetailView.swift; sourceTree = "<group>"; };
		C10508252CA3868800B22737 /* CompletePurchaseView.swift */ = {isa = PBXFileReference; lastKnownFileType = sourcecode.swift; path = CompletePurchaseView.swift; sourceTree = "<group>"; };
		C125C3EA2CAB8D500020CEF3 /* APIEndpointProperties+Methods.swift */ = {isa = PBXFileReference; lastKnownFileType = sourcecode.swift; path = "APIEndpointProperties+Methods.swift"; sourceTree = "<group>"; };
		C125C3ED2CAB8DB80020CEF3 /* DataEndpoints.swift */ = {isa = PBXFileReference; lastKnownFileType = sourcecode.swift; path = DataEndpoints.swift; sourceTree = "<group>"; };
		C125C3EF2CAB8E1E0020CEF3 /* APIClientProtocol.swift */ = {isa = PBXFileReference; lastKnownFileType = sourcecode.swift; path = APIClientProtocol.swift; sourceTree = "<group>"; };
		C125C3F12CAB8E3C0020CEF3 /* URLSessionAPIClient.swift */ = {isa = PBXFileReference; lastKnownFileType = sourcecode.swift; path = URLSessionAPIClient.swift; sourceTree = "<group>"; };
		C125C3F42CAC7A160020CEF3 /* LoginSerivice.swift */ = {isa = PBXFileReference; lastKnownFileType = sourcecode.swift; path = LoginSerivice.swift; sourceTree = "<group>"; };
		C125C3F72CAC7D830020CEF3 /* LoginModels.swift */ = {isa = PBXFileReference; lastKnownFileType = sourcecode.swift; path = LoginModels.swift; sourceTree = "<group>"; };
		C125C3F92CAC84C70020CEF3 /* RegistrationService.swift */ = {isa = PBXFileReference; lastKnownFileType = sourcecode.swift; path = RegistrationService.swift; sourceTree = "<group>"; };
		C125C3FC2CAD9E4C0020CEF3 /* RegistrationModels.swift */ = {isa = PBXFileReference; lastKnownFileType = sourcecode.swift; path = RegistrationModels.swift; sourceTree = "<group>"; };
		C125C3FE2CADA0CB0020CEF3 /* FavoritesView.swift */ = {isa = PBXFileReference; lastKnownFileType = sourcecode.swift; path = FavoritesView.swift; sourceTree = "<group>"; };
		C125C4022CADB39E0020CEF3 /* FavoritesService.swift */ = {isa = PBXFileReference; lastKnownFileType = sourcecode.swift; path = FavoritesService.swift; sourceTree = "<group>"; };
		C125C4052CADB3CE0020CEF3 /* FavoritesPresenter.swift */ = {isa = PBXFileReference; lastKnownFileType = sourcecode.swift; path = FavoritesPresenter.swift; sourceTree = "<group>"; };
		C160C8802CA913A600FF77EC /* ImageGridView.swift */ = {isa = PBXFileReference; lastKnownFileType = sourcecode.swift; path = ImageGridView.swift; sourceTree = "<group>"; };
		C160C8832CA920AE00FF77EC /* TabContainerPresenter.swift */ = {isa = PBXFileReference; lastKnownFileType = sourcecode.swift; path = TabContainerPresenter.swift; sourceTree = "<group>"; };
		C160C8852CA9211F00FF77EC /* CustomNavigation.swift */ = {isa = PBXFileReference; lastKnownFileType = sourcecode.swift; path = CustomNavigation.swift; sourceTree = "<group>"; };
		C160C88A2CA921BA00FF77EC /* RouterProtocol.swift */ = {isa = PBXFileReference; lastKnownFileType = sourcecode.swift; path = RouterProtocol.swift; sourceTree = "<group>"; };
		C160C88C2CA921EF00FF77EC /* MatchRouter.swift */ = {isa = PBXFileReference; lastKnownFileType = sourcecode.swift; path = MatchRouter.swift; sourceTree = "<group>"; };
		C160C88F2CA9226600FF77EC /* ImageGridModel.swift */ = {isa = PBXFileReference; lastKnownFileType = sourcecode.swift; path = ImageGridModel.swift; sourceTree = "<group>"; };
		C160C8912CAA372600FF77EC /* OtherUserProfileView.swift */ = {isa = PBXFileReference; lastKnownFileType = sourcecode.swift; path = OtherUserProfileView.swift; sourceTree = "<group>"; };
		C160C8932CAA3D2F00FF77EC /* ProfileRouter.swift */ = {isa = PBXFileReference; lastKnownFileType = sourcecode.swift; path = ProfileRouter.swift; sourceTree = "<group>"; };
		C17A33082CAFBE2A0049525B /* ImageDownloaderView.swift */ = {isa = PBXFileReference; lastKnownFileType = sourcecode.swift; path = ImageDownloaderView.swift; sourceTree = "<group>"; };
		C17A330A2CB101C70049525B /* HomeMatchService.swift */ = {isa = PBXFileReference; lastKnownFileType = sourcecode.swift; path = HomeMatchService.swift; sourceTree = "<group>"; };
/* End PBXFileReference section */

/* Begin PBXFrameworksBuildPhase section */
		43BC28D82C9A54450069C6CD /* Frameworks */ = {
			isa = PBXFrameworksBuildPhase;
			buildActionMask = 2147483647;
			files = (
			);
			runOnlyForDeploymentPostprocessing = 0;
		};
/* End PBXFrameworksBuildPhase section */

/* Begin PBXGroup section */
		434D51A32CC15EBC004610E9 /* Service */ = {
			isa = PBXGroup;
			children = (
				434D51A42CC15EDD004610E9 /* OtherUserProfileService.swift */,
			);
			path = Service;
			sourceTree = "<group>";
		};
		434D51A62CC15FB5004610E9 /* Model */ = {
			isa = PBXGroup;
			children = (
				434D51A72CC15FCD004610E9 /* OtherUserProfileModel.swift */,
			);
			path = Model;
			sourceTree = "<group>";
		};
		43661D722CB66A14007DF515 /* Services */ = {
			isa = PBXGroup;
			children = (
				43661D732CB66A33007DF515 /* MatchService.swift */,
			);
			path = Services;
			sourceTree = "<group>";
		};
		43661D772CB66B88007DF515 /* UsersMatchModel */ = {
			isa = PBXGroup;
			children = (
				43661D752CB66B7F007DF515 /* UsersMatchModel.swift */,
				43661D782CB992FC007DF515 /* SendInvitationResponseModel.swift */,
			);
			path = UsersMatchModel;
			sourceTree = "<group>";
		};
		43B2224C2C9F6C1E0035B655 /* ImagePickerView */ = {
			isa = PBXGroup;
			children = (
				43B2224A2C9F6B660035B655 /* ImagePickerView.swift */,
				43B2224D2C9F6C950035B655 /* PickerCoordinator.swift */,
				43B2224F2C9F7FC70035B655 /* PHPickerSwiftUI.swift */,
			);
			path = ImagePickerView;
			sourceTree = "<group>";
		};
		43B2225D2CA005050035B655 /* PerfilMenu */ = {
			isa = PBXGroup;
			children = (
				43B222602CA005600035B655 /* PerfilMenuView.swift */,
				43B222622CA005730035B655 /* PerfilMenuPresenter.swift */,
			);
			path = PerfilMenu;
			sourceTree = "<group>";
		};
		43B222642CA01BEB0035B655 /* Perfil */ = {
			isa = PBXGroup;
			children = (
				43B222652CA01C140035B655 /* PerfilView.swift */,
				43B222672CA01CC10035B655 /* PerfilPresenter.swift */,
			);
			path = Perfil;
			sourceTree = "<group>";
		};
		43B222692CA292BA0035B655 /* MatchView */ = {
			isa = PBXGroup;
			children = (
				43661D772CB66B88007DF515 /* UsersMatchModel */,
				43661D722CB66A14007DF515 /* Services */,
				C105081B2C9FC10B00B22737 /* MatchView.swift */,
				C10508212CA370CD00B22737 /* MatchInvitationView.swift */,
				43B2226A2CA292E80035B655 /* MatchPresenter.swift */,
				C10508232CA372DB00B22737 /* MatchShoeDetailView.swift */,
			);
			path = MatchView;
			sourceTree = "<group>";
		};
		43B2226C2CA2A3920035B655 /* PopUp */ = {
			isa = PBXGroup;
			children = (
				43B2226D2CA2A7B70035B655 /* PopupView.swift */,
			);
			path = PopUp;
			sourceTree = "<group>";
		};
		43B2226F2CA3F08A0035B655 /* PurchaseSendInformation */ = {
			isa = PBXGroup;
			children = (
				43B222702CA3F1600035B655 /* PurchaseSendInformationView.swift */,
				43B222722CA3F5010035B655 /* PurchaseSendInformationPresenter.swift */,
			);
			path = PurchaseSendInformation;
			sourceTree = "<group>";
		};
		43B222742CA4013B0035B655 /* PaymentConfirmation */ = {
			isa = PBXGroup;
			children = (
				43B222752CA401770035B655 /* PaymentConfirmationView.swift */,
				43B222772CA401910035B655 /* PaymentConfirmationPresenter.swift */,
			);
			path = PaymentConfirmation;
			sourceTree = "<group>";
		};
		43B222792CA686BF0035B655 /* SeeOrderStatus */ = {
			isa = PBXGroup;
			children = (
				43B2227A2CA6870B0035B655 /* SeeOrderStatusView.swift */,
				43B2227C2CA687210035B655 /* SeeOrderStatusPresenter.swift */,
			);
			path = SeeOrderStatus;
			sourceTree = "<group>";
		};
		43B2227E2CA69CDD0035B655 /* CarShop */ = {
			isa = PBXGroup;
			children = (
				43B2227F2CA69D060035B655 /* CarShopView.swift */,
				43B222812CA69D1E0035B655 /* CarShopPresenter.swift */,
			);
			path = CarShop;
			sourceTree = "<group>";
		};
		43B222852CA7D4B30035B655 /* MyOrder */ = {
			isa = PBXGroup;
			children = (
				43B222862CA7D50A0035B655 /* MyOrderView.swift */,
				43B222882CA7D52D0035B655 /* MyOrderPresenter.swift */,
			);
			path = MyOrder;
			sourceTree = "<group>";
		};
		43B2228A2CA7E28F0035B655 /* Invitations */ = {
			isa = PBXGroup;
			children = (
				43B2228B2CA7E2C50035B655 /* InvitationsView.swift */,
				43B2228D2CA7E2DD0035B655 /* InvitationsPresenter.swift */,
			);
			path = Invitations;
			sourceTree = "<group>";
		};
		43B2228F2CA7EDD20035B655 /* HelpView */ = {
			isa = PBXGroup;
			children = (
				43B222902CA7EE170035B655 /* HelpView.swift */,
				43B222922CA7EE370035B655 /* HelpPresenter.swift */,
			);
			path = HelpView;
			sourceTree = "<group>";
		};
		43B222942CA7F8E90035B655 /* PerfilOtherUser */ = {
			isa = PBXGroup;
			children = (
				434D51A62CC15FB5004610E9 /* Model */,
				434D51A32CC15EBC004610E9 /* Service */,
				C160C8912CAA372600FF77EC /* OtherUserProfileView.swift */,
				434D51A12CC15E15004610E9 /* OtherUserProfilePresenter.swift */,
			);
			path = PerfilOtherUser;
			sourceTree = "<group>";
		};
		43BC28D22C9A54450069C6CD = {
			isa = PBXGroup;
			children = (
				43BC28DD2C9A54450069C6CD /* ShoesForTow */,
				43BC28DC2C9A54450069C6CD /* Products */,
			);
			sourceTree = "<group>";
		};
		43BC28DC2C9A54450069C6CD /* Products */ = {
			isa = PBXGroup;
			children = (
				43BC28DB2C9A54450069C6CD /* ShoesForTow.app */,
			);
			name = Products;
			sourceTree = "<group>";
		};
		43BC28DD2C9A54450069C6CD /* ShoesForTow */ = {
			isa = PBXGroup;
			children = (
				43BC28DE2C9A54450069C6CD /* ShoesForTowApp.swift */,
				C160C8872CA9215700FF77EC /* Router */,
				43BC29022C9BE5ED0069C6CD /* Info.plist */,
				C10508162C9E35BB00B22737 /* GeneralComponents */,
				43BC28FF2C9BE2D50069C6CD /* Commonds */,
				43BC28F72C9BE2460069C6CD /* Fonts */,
				43BC28F42C9B7D9B0069C6CD /* Login */,
				43BC29052C9CCDD80069C6CD /* RegisterCount */,
				C10508132C9E34EE00B22737 /* HomeMatch */,
				43B2225D2CA005050035B655 /* PerfilMenu */,
				43B222642CA01BEB0035B655 /* Perfil */,
				43B222692CA292BA0035B655 /* MatchView */,
				C10508272CA3868F00B22737 /* CompletePurchase */,
				43B2226F2CA3F08A0035B655 /* PurchaseSendInformation */,
				43B222742CA4013B0035B655 /* PaymentConfirmation */,
				43B222792CA686BF0035B655 /* SeeOrderStatus */,
				43B2227E2CA69CDD0035B655 /* CarShop */,
				43B222852CA7D4B30035B655 /* MyOrder */,
				43B2228A2CA7E28F0035B655 /* Invitations */,
				43B2228F2CA7EDD20035B655 /* HelpView */,
				43B222942CA7F8E90035B655 /* PerfilOtherUser */,
				C125C4012CADB3810020CEF3 /* Favorites */,
				43BC28E02C9A54450069C6CD /* Persistence.swift */,
				43BC28E52C9A54450069C6CD /* ContentView.swift */,
				C105080D2C9E00F400B22737 /* ShoeModel.swift */,
				C125C3EC2CAB8D950020CEF3 /* NetworkLayer */,
				C160C8822CA9209900FF77EC /* TabContainer */,
				43BC28E72C9A54490069C6CD /* Assets.xcassets */,
				43BC28E92C9A54490069C6CD /* ShoesForTow.entitlements */,
				43BC28E22C9A54450069C6CD /* ShoesForTow.xcdatamodeld */,
				43BC28EA2C9A54490069C6CD /* Preview Content */,
				43BC28F22C9B79740069C6CD /* Launch Screen.storyboard */,
			);
			path = ShoesForTow;
			sourceTree = "<group>";
		};
		43BC28EA2C9A54490069C6CD /* Preview Content */ = {
			isa = PBXGroup;
			children = (
				43BC28EB2C9A54490069C6CD /* Preview Assets.xcassets */,
			);
			path = "Preview Content";
			sourceTree = "<group>";
		};
		43BC28F42C9B7D9B0069C6CD /* Login */ = {
			isa = PBXGroup;
			children = (
				43BC28F52C9B7DB60069C6CD /* LoginView.swift */,
				43B222592C9FFEBF0035B655 /* LoginViewPresenter.swift */,
				C125C3F62CAC7D740020CEF3 /* Service */,
			);
			path = Login;
			sourceTree = "<group>";
		};
		43BC28F72C9BE2460069C6CD /* Fonts */ = {
			isa = PBXGroup;
			children = (
				43BC28FC2C9BE2860069C6CD /* Montserrat-Black.ttf */,
				43BC28F82C9BE2850069C6CD /* Montserrat-Bold.ttf */,
				43BC28FA2C9BE2860069C6CD /* Montserrat-ExtraBold.ttf */,
				43BC28FD2C9BE2860069C6CD /* Montserrat-Light.ttf */,
				43BC28FE2C9BE2860069C6CD /* Montserrat-Medium.ttf */,
				43BC28F92C9BE2860069C6CD /* Montserrat-Regular.ttf */,
				43BC28FB2C9BE2860069C6CD /* Montserrat-SemiBold.ttf */,
			);
			path = Fonts;
			sourceTree = "<group>";
		};
		43BC28FF2C9BE2D50069C6CD /* Commonds */ = {
			isa = PBXGroup;
			children = (
				43BC29002C9BE30F0069C6CD /* Font+Extensions.swift */,
				43BC29032C9BE8270069C6CD /* Color+Extension.swift */,
				C105081D2C9FC28100B22737 /* Image+Entensions.swift */,
				43BC290A2C9D13D60069C6CD /* TabBarCustom.swift */,
				43CB1F9D2CAF775B00C57C76 /* UImage+Extensions.swift */,
				4364B5DE2CB26DF100949B13 /* UserDefaults+Extensions.swift */,
			);
			path = Commonds;
			sourceTree = "<group>";
		};
		43BC29052C9CCDD80069C6CD /* RegisterCount */ = {
			isa = PBXGroup;
			children = (
				43BC29062C9CCE390069C6CD /* RegisterView.swift */,
				43B2225B2C9FFF390035B655 /* RegisterPresenter.swift */,
				C125C3FB2CAD9E250020CEF3 /* Service */,
				43B222512C9F90A70035B655 /* SetPerfilImageView.swift */,
				43B222532C9F93200035B655 /* CheckTermsAndConditions.swift */,
				43B222552C9F93650035B655 /* ShowGenderRegister.swift */,
			);
			path = RegisterCount;
			sourceTree = "<group>";
		};
		C10508132C9E34EE00B22737 /* HomeMatch */ = {
			isa = PBXGroup;
			children = (
				C10508142C9E354F00B22737 /* Components */,
				C10508092C9B734700B22737 /* HomeMatchView.swift */,
				C10508192C9E43EF00B22737 /* HomeMatchPresenter.swift */,
				C17A330A2CB101C70049525B /* HomeMatchService.swift */,
			);
			name = HomeMatch;
			sourceTree = "<group>";
		};
		C10508142C9E354F00B22737 /* Components */ = {
			isa = PBXGroup;
			children = (
				C10508072C9B6ED600B22737 /* ShoeSlideView.swift */,
				C10508052C9B4BE000B22737 /* CircularImageCarouselView.swift */,
				C105080B2C9DE44D00B22737 /* AnglesComponentView.swift */,
			);
			name = Components;
			sourceTree = "<group>";
		};
		C10508162C9E35BB00B22737 /* GeneralComponents */ = {
			isa = PBXGroup;
			children = (
				43B2226C2CA2A3920035B655 /* PopUp */,
				43B2224C2C9F6C1E0035B655 /* ImagePickerView */,
				43BC290C2C9D44E20069C6CD /* TextFieldCustom.swift */,
				43BC29152C9DCD290069C6CD /* DropDownPicker.swift */,
				C105080F2C9E014300B22737 /* PrimaryButton.swift */,
				C10508172C9E35D600B22737 /* CircularImageView.swift */,
				C105081F2C9FCD6600B22737 /* ShoeDetailView.swift */,
				43B222832CA6A1D40035B655 /* CardToBuy.swift */,
				C160C88E2CA9225600FF77EC /* ImageGrid */,
				C17A33082CAFBE2A0049525B /* ImageDownloaderView.swift */,
			);
			path = GeneralComponents;
			sourceTree = "<group>";
		};
		C10508272CA3868F00B22737 /* CompletePurchase */ = {
			isa = PBXGroup;
			children = (
				C10508252CA3868800B22737 /* CompletePurchaseView.swift */,
			);
			name = CompletePurchase;
			sourceTree = "<group>";
		};
		C125C3EC2CAB8D950020CEF3 /* NetworkLayer */ = {
			isa = PBXGroup;
			children = (
				C125C3EA2CAB8D500020CEF3 /* APIEndpointProperties+Methods.swift */,
				C125C3ED2CAB8DB80020CEF3 /* DataEndpoints.swift */,
				C125C3EF2CAB8E1E0020CEF3 /* APIClientProtocol.swift */,
				C125C3F12CAB8E3C0020CEF3 /* URLSessionAPIClient.swift */,
			);
			path = NetworkLayer;
			sourceTree = "<group>";
		};
		C125C3F62CAC7D740020CEF3 /* Service */ = {
			isa = PBXGroup;
			children = (
				C125C3F42CAC7A160020CEF3 /* LoginSerivice.swift */,
				C125C3F72CAC7D830020CEF3 /* LoginModels.swift */,
			);
			name = Service;
			sourceTree = "<group>";
		};
		C125C3FB2CAD9E250020CEF3 /* Service */ = {
			isa = PBXGroup;
			children = (
				C125C3F92CAC84C70020CEF3 /* RegistrationService.swift */,
				C125C3FC2CAD9E4C0020CEF3 /* RegistrationModels.swift */,
			);
			name = Service;
			sourceTree = "<group>";
		};
		C125C4012CADB3810020CEF3 /* Favorites */ = {
			isa = PBXGroup;
			children = (
				C125C3FE2CADA0CB0020CEF3 /* FavoritesView.swift */,
				C125C4052CADB3CE0020CEF3 /* FavoritesPresenter.swift */,
				C125C4042CADB3A70020CEF3 /* Service */,
			);
			name = Favorites;
			sourceTree = "<group>";
		};
		C125C4042CADB3A70020CEF3 /* Service */ = {
			isa = PBXGroup;
			children = (
				C125C4022CADB39E0020CEF3 /* FavoritesService.swift */,
			);
			path = Service;
			sourceTree = "<group>";
		};
		C160C8822CA9209900FF77EC /* TabContainer */ = {
			isa = PBXGroup;
			children = (
				C10508112C9E2B9000B22737 /* TabContainerView.swift */,
				C160C8832CA920AE00FF77EC /* TabContainerPresenter.swift */,
				C160C8852CA9211F00FF77EC /* CustomNavigation.swift */,
			);
			path = TabContainer;
			sourceTree = "<group>";
		};
		C160C8872CA9215700FF77EC /* Router */ = {
			isa = PBXGroup;
			children = (
				43BC29082C9CD0850069C6CD /* Router.swift */,
				C160C88C2CA921EF00FF77EC /* MatchRouter.swift */,
				C160C88A2CA921BA00FF77EC /* RouterProtocol.swift */,
				C160C8932CAA3D2F00FF77EC /* ProfileRouter.swift */,
			);
			path = Router;
			sourceTree = "<group>";
		};
		C160C88E2CA9225600FF77EC /* ImageGrid */ = {
			isa = PBXGroup;
			children = (
				C160C8802CA913A600FF77EC /* ImageGridView.swift */,
				C160C88F2CA9226600FF77EC /* ImageGridModel.swift */,
			);
			path = ImageGrid;
			sourceTree = "<group>";
		};
/* End PBXGroup section */

/* Begin PBXNativeTarget section */
		43BC28DA2C9A54450069C6CD /* ShoesForTow */ = {
			isa = PBXNativeTarget;
			buildConfigurationList = 43BC28EF2C9A54490069C6CD /* Build configuration list for PBXNativeTarget "ShoesForTow" */;
			buildPhases = (
				43BC28D72C9A54450069C6CD /* Sources */,
				43BC28D82C9A54450069C6CD /* Frameworks */,
				43BC28D92C9A54450069C6CD /* Resources */,
			);
			buildRules = (
			);
			dependencies = (
			);
			name = ShoesForTow;
			productName = ShoesForTow;
			productReference = 43BC28DB2C9A54450069C6CD /* ShoesForTow.app */;
			productType = "com.apple.product-type.application";
		};
/* End PBXNativeTarget section */

/* Begin PBXProject section */
		43BC28D32C9A54450069C6CD /* Project object */ = {
			isa = PBXProject;
			attributes = {
				BuildIndependentTargetsInParallel = 1;
				LastSwiftUpdateCheck = 1540;
				LastUpgradeCheck = 1540;
				TargetAttributes = {
					43BC28DA2C9A54450069C6CD = {
						CreatedOnToolsVersion = 15.4;
					};
				};
			};
			buildConfigurationList = 43BC28D62C9A54450069C6CD /* Build configuration list for PBXProject "ShoesForTow" */;
			compatibilityVersion = "Xcode 14.0";
			developmentRegion = en;
			hasScannedForEncodings = 0;
			knownRegions = (
				en,
				Base,
			);
			mainGroup = 43BC28D22C9A54450069C6CD;
			productRefGroup = 43BC28DC2C9A54450069C6CD /* Products */;
			projectDirPath = "";
			projectRoot = "";
			targets = (
				43BC28DA2C9A54450069C6CD /* ShoesForTow */,
			);
		};
/* End PBXProject section */

/* Begin PBXResourcesBuildPhase section */
		43BC28D92C9A54450069C6CD /* Resources */ = {
			isa = PBXResourcesBuildPhase;
			buildActionMask = 2147483647;
			files = (
				43BC29132C9D58F50069C6CD /* Montserrat-Regular.ttf in Resources */,
				43BC29112C9D58F00069C6CD /* Montserrat-Light.ttf in Resources */,
				43BC290F2C9D58EA0069C6CD /* Montserrat-Bold.ttf in Resources */,
				43BC29102C9D58ED0069C6CD /* Montserrat-ExtraBold.ttf in Resources */,
				43BC29142C9D58F80069C6CD /* Montserrat-SemiBold.ttf in Resources */,
				43BC28F32C9B79740069C6CD /* Launch Screen.storyboard in Resources */,
				43BC290E2C9D58E60069C6CD /* Montserrat-Black.ttf in Resources */,
				43BC28EC2C9A54490069C6CD /* Preview Assets.xcassets in Resources */,
				43BC29122C9D58F30069C6CD /* Montserrat-Medium.ttf in Resources */,
				43BC28E82C9A54490069C6CD /* Assets.xcassets in Resources */,
			);
			runOnlyForDeploymentPostprocessing = 0;
		};
/* End PBXResourcesBuildPhase section */

/* Begin PBXSourcesBuildPhase section */
		43BC28D72C9A54450069C6CD /* Sources */ = {
			isa = PBXSourcesBuildPhase;
			buildActionMask = 2147483647;
			files = (
				43BC290D2C9D44E20069C6CD /* TextFieldCustom.swift in Sources */,
				43B222502C9F7FC80035B655 /* PHPickerSwiftUI.swift in Sources */,
				43B222762CA401770035B655 /* PaymentConfirmationView.swift in Sources */,
				43BC29072C9CCE390069C6CD /* RegisterView.swift in Sources */,
				C125C3EE2CAB8DB80020CEF3 /* DataEndpoints.swift in Sources */,
				43B222522C9F90A70035B655 /* SetPerfilImageView.swift in Sources */,
				43B222822CA69D1E0035B655 /* CarShopPresenter.swift in Sources */,
				43B222542C9F93200035B655 /* CheckTermsAndConditions.swift in Sources */,
				C10508222CA370CD00B22737 /* MatchInvitationView.swift in Sources */,
				43BC28F62C9B7DB60069C6CD /* LoginView.swift in Sources */,
				C125C3F52CAC7A160020CEF3 /* LoginSerivice.swift in Sources */,
				C160C8902CA9226600FF77EC /* ImageGridModel.swift in Sources */,
				C10508202C9FCD6600B22737 /* ShoeDetailView.swift in Sources */,
				43B222632CA005730035B655 /* PerfilMenuPresenter.swift in Sources */,
				43B2226B2CA292E80035B655 /* MatchPresenter.swift in Sources */,
				43BC29092C9CD0850069C6CD /* Router.swift in Sources */,
				43B222842CA6A1D40035B655 /* CardToBuy.swift in Sources */,
				C160C8922CAA372600FF77EC /* OtherUserProfileView.swift in Sources */,
				C10508062C9B4BE000B22737 /* CircularImageCarouselView.swift in Sources */,
				C125C3FF2CADA0CB0020CEF3 /* FavoritesView.swift in Sources */,
				43B222932CA7EE370035B655 /* HelpPresenter.swift in Sources */,
				C125C3F22CAB8E3C0020CEF3 /* URLSessionAPIClient.swift in Sources */,
				43B222732CA3F5010035B655 /* PurchaseSendInformationPresenter.swift in Sources */,
				C105080A2C9B734800B22737 /* HomeMatchView.swift in Sources */,
				43B2225A2C9FFEBF0035B655 /* LoginViewPresenter.swift in Sources */,
				C10508122C9E2B9000B22737 /* TabContainerView.swift in Sources */,
				C105081E2C9FC28100B22737 /* Image+Entensions.swift in Sources */,
				43BC28E42C9A54450069C6CD /* ShoesForTow.xcdatamodeld in Sources */,
				43B2227B2CA6870B0035B655 /* SeeOrderStatusView.swift in Sources */,
				C17A33092CAFBE2B0049525B /* ImageDownloaderView.swift in Sources */,
				C10508262CA3868800B22737 /* CompletePurchaseView.swift in Sources */,
				434D51A22CC15E15004610E9 /* OtherUserProfilePresenter.swift in Sources */,
				43BC29012C9BE30F0069C6CD /* Font+Extensions.swift in Sources */,
				C125C3EB2CAB8D500020CEF3 /* APIEndpointProperties+Methods.swift in Sources */,
				C125C4032CADB39E0020CEF3 /* FavoritesService.swift in Sources */,
				C160C8862CA9211F00FF77EC /* CustomNavigation.swift in Sources */,
				43B2225C2C9FFF390035B655 /* RegisterPresenter.swift in Sources */,
				43B222802CA69D060035B655 /* CarShopView.swift in Sources */,
				43B222562C9F93650035B655 /* ShowGenderRegister.swift in Sources */,
				C17A330B2CB101C70049525B /* HomeMatchService.swift in Sources */,
				C10508102C9E014300B22737 /* PrimaryButton.swift in Sources */,
				43BC28DF2C9A54450069C6CD /* ShoesForTowApp.swift in Sources */,
				43B2227D2CA687210035B655 /* SeeOrderStatusPresenter.swift in Sources */,
				434D51A52CC15EDD004610E9 /* OtherUserProfileService.swift in Sources */,
				C125C3F02CAB8E1E0020CEF3 /* APIClientProtocol.swift in Sources */,
				C160C8812CA913A600FF77EC /* ImageGridView.swift in Sources */,
				C160C88B2CA921BA00FF77EC /* RouterProtocol.swift in Sources */,
				C160C88D2CA921EF00FF77EC /* MatchRouter.swift in Sources */,
				43B2226E2CA2A7B70035B655 /* PopupView.swift in Sources */,
				C105080C2C9DE44D00B22737 /* AnglesComponentView.swift in Sources */,
				43B222612CA005600035B655 /* PerfilMenuView.swift in Sources */,
				43B222682CA01CC10035B655 /* PerfilPresenter.swift in Sources */,
				43B222662CA01C140035B655 /* PerfilView.swift in Sources */,
				C10508182C9E35D600B22737 /* CircularImageView.swift in Sources */,
				43BC28E62C9A54450069C6CD /* ContentView.swift in Sources */,
				C125C3F82CAC7D830020CEF3 /* LoginModels.swift in Sources */,
				C105081C2C9FC10B00B22737 /* MatchView.swift in Sources */,
				43B222912CA7EE170035B655 /* HelpView.swift in Sources */,
				C125C3FA2CAC84C70020CEF3 /* RegistrationService.swift in Sources */,
				43B222872CA7D50A0035B655 /* MyOrderView.swift in Sources */,
				434D51A82CC15FCD004610E9 /* OtherUserProfileModel.swift in Sources */,
				43B222892CA7D52D0035B655 /* MyOrderPresenter.swift in Sources */,
				43CB1F9E2CAF775B00C57C76 /* UImage+Extensions.swift in Sources */,
				43661D762CB66B7F007DF515 /* UsersMatchModel.swift in Sources */,
				43B2224B2C9F6B660035B655 /* ImagePickerView.swift in Sources */,
				43BC28E12C9A54450069C6CD /* Persistence.swift in Sources */,
				43BC29162C9DCD290069C6CD /* DropDownPicker.swift in Sources */,
				C160C8842CA920AE00FF77EC /* TabContainerPresenter.swift in Sources */,
				C160C8942CAA3D2F00FF77EC /* ProfileRouter.swift in Sources */,
				C125C3FD2CAD9E4C0020CEF3 /* RegistrationModels.swift in Sources */,
				43BC29042C9BE8270069C6CD /* Color+Extension.swift in Sources */,
				43BC290B2C9D13D60069C6CD /* TabBarCustom.swift in Sources */,
				43661D792CB992FC007DF515 /* SendInvitationResponseModel.swift in Sources */,
				C105080E2C9E00F400B22737 /* ShoeModel.swift in Sources */,
				C10508082C9B6ED600B22737 /* ShoeSlideView.swift in Sources */,
				C125C4062CADB3CE0020CEF3 /* FavoritesPresenter.swift in Sources */,
				43B222712CA3F1600035B655 /* PurchaseSendInformationView.swift in Sources */,
				43B2224E2C9F6C950035B655 /* PickerCoordinator.swift in Sources */,
				C10508242CA372DB00B22737 /* MatchShoeDetailView.swift in Sources */,
				C105081A2C9E43EF00B22737 /* HomeMatchPresenter.swift in Sources */,
				43661D742CB66A33007DF515 /* MatchService.swift in Sources */,
				43B2228E2CA7E2DD0035B655 /* InvitationsPresenter.swift in Sources */,
				4364B5DF2CB26DF100949B13 /* UserDefaults+Extensions.swift in Sources */,
				43B222782CA401910035B655 /* PaymentConfirmationPresenter.swift in Sources */,
				43B2228C2CA7E2C50035B655 /* InvitationsView.swift in Sources */,
			);
			runOnlyForDeploymentPostprocessing = 0;
		};
/* End PBXSourcesBuildPhase section */

/* Begin XCBuildConfiguration section */
		43BC28ED2C9A54490069C6CD /* Debug */ = {
			isa = XCBuildConfiguration;
			buildSettings = {
				ALWAYS_SEARCH_USER_PATHS = NO;
				ASSETCATALOG_COMPILER_GENERATE_SWIFT_ASSET_SYMBOL_EXTENSIONS = YES;
				CLANG_ANALYZER_NONNULL = YES;
				CLANG_ANALYZER_NUMBER_OBJECT_CONVERSION = YES_AGGRESSIVE;
				CLANG_CXX_LANGUAGE_STANDARD = "gnu++20";
				CLANG_ENABLE_MODULES = YES;
				CLANG_ENABLE_OBJC_ARC = YES;
				CLANG_ENABLE_OBJC_WEAK = YES;
				CLANG_WARN_BLOCK_CAPTURE_AUTORELEASING = YES;
				CLANG_WARN_BOOL_CONVERSION = YES;
				CLANG_WARN_COMMA = YES;
				CLANG_WARN_CONSTANT_CONVERSION = YES;
				CLANG_WARN_DEPRECATED_OBJC_IMPLEMENTATIONS = YES;
				CLANG_WARN_DIRECT_OBJC_ISA_USAGE = YES_ERROR;
				CLANG_WARN_DOCUMENTATION_COMMENTS = YES;
				CLANG_WARN_EMPTY_BODY = YES;
				CLANG_WARN_ENUM_CONVERSION = YES;
				CLANG_WARN_INFINITE_RECURSION = YES;
				CLANG_WARN_INT_CONVERSION = YES;
				CLANG_WARN_NON_LITERAL_NULL_CONVERSION = YES;
				CLANG_WARN_OBJC_IMPLICIT_RETAIN_SELF = YES;
				CLANG_WARN_OBJC_LITERAL_CONVERSION = YES;
				CLANG_WARN_OBJC_ROOT_CLASS = YES_ERROR;
				CLANG_WARN_QUOTED_INCLUDE_IN_FRAMEWORK_HEADER = YES;
				CLANG_WARN_RANGE_LOOP_ANALYSIS = YES;
				CLANG_WARN_STRICT_PROTOTYPES = YES;
				CLANG_WARN_SUSPICIOUS_MOVE = YES;
				CLANG_WARN_UNGUARDED_AVAILABILITY = YES_AGGRESSIVE;
				CLANG_WARN_UNREACHABLE_CODE = YES;
				CLANG_WARN__DUPLICATE_METHOD_MATCH = YES;
				COPY_PHASE_STRIP = NO;
				DEBUG_INFORMATION_FORMAT = dwarf;
				ENABLE_STRICT_OBJC_MSGSEND = YES;
				ENABLE_TESTABILITY = YES;
				ENABLE_USER_SCRIPT_SANDBOXING = YES;
				GCC_C_LANGUAGE_STANDARD = gnu17;
				GCC_DYNAMIC_NO_PIC = NO;
				GCC_NO_COMMON_BLOCKS = YES;
				GCC_OPTIMIZATION_LEVEL = 0;
				GCC_PREPROCESSOR_DEFINITIONS = (
					"DEBUG=1",
					"$(inherited)",
				);
				GCC_WARN_64_TO_32_BIT_CONVERSION = YES;
				GCC_WARN_ABOUT_RETURN_TYPE = YES_ERROR;
				GCC_WARN_UNDECLARED_SELECTOR = YES;
				GCC_WARN_UNINITIALIZED_AUTOS = YES_AGGRESSIVE;
				GCC_WARN_UNUSED_FUNCTION = YES;
				GCC_WARN_UNUSED_VARIABLE = YES;
				LOCALIZATION_PREFERS_STRING_CATALOGS = YES;
				MTL_ENABLE_DEBUG_INFO = INCLUDE_SOURCE;
				MTL_FAST_MATH = YES;
				ONLY_ACTIVE_ARCH = YES;
				SWIFT_ACTIVE_COMPILATION_CONDITIONS = "DEBUG $(inherited)";
				SWIFT_OPTIMIZATION_LEVEL = "-Onone";
			};
			name = Debug;
		};
		43BC28EE2C9A54490069C6CD /* Release */ = {
			isa = XCBuildConfiguration;
			buildSettings = {
				ALWAYS_SEARCH_USER_PATHS = NO;
				ASSETCATALOG_COMPILER_GENERATE_SWIFT_ASSET_SYMBOL_EXTENSIONS = YES;
				CLANG_ANALYZER_NONNULL = YES;
				CLANG_ANALYZER_NUMBER_OBJECT_CONVERSION = YES_AGGRESSIVE;
				CLANG_CXX_LANGUAGE_STANDARD = "gnu++20";
				CLANG_ENABLE_MODULES = YES;
				CLANG_ENABLE_OBJC_ARC = YES;
				CLANG_ENABLE_OBJC_WEAK = YES;
				CLANG_WARN_BLOCK_CAPTURE_AUTORELEASING = YES;
				CLANG_WARN_BOOL_CONVERSION = YES;
				CLANG_WARN_COMMA = YES;
				CLANG_WARN_CONSTANT_CONVERSION = YES;
				CLANG_WARN_DEPRECATED_OBJC_IMPLEMENTATIONS = YES;
				CLANG_WARN_DIRECT_OBJC_ISA_USAGE = YES_ERROR;
				CLANG_WARN_DOCUMENTATION_COMMENTS = YES;
				CLANG_WARN_EMPTY_BODY = YES;
				CLANG_WARN_ENUM_CONVERSION = YES;
				CLANG_WARN_INFINITE_RECURSION = YES;
				CLANG_WARN_INT_CONVERSION = YES;
				CLANG_WARN_NON_LITERAL_NULL_CONVERSION = YES;
				CLANG_WARN_OBJC_IMPLICIT_RETAIN_SELF = YES;
				CLANG_WARN_OBJC_LITERAL_CONVERSION = YES;
				CLANG_WARN_OBJC_ROOT_CLASS = YES_ERROR;
				CLANG_WARN_QUOTED_INCLUDE_IN_FRAMEWORK_HEADER = YES;
				CLANG_WARN_RANGE_LOOP_ANALYSIS = YES;
				CLANG_WARN_STRICT_PROTOTYPES = YES;
				CLANG_WARN_SUSPICIOUS_MOVE = YES;
				CLANG_WARN_UNGUARDED_AVAILABILITY = YES_AGGRESSIVE;
				CLANG_WARN_UNREACHABLE_CODE = YES;
				CLANG_WARN__DUPLICATE_METHOD_MATCH = YES;
				COPY_PHASE_STRIP = NO;
				DEBUG_INFORMATION_FORMAT = "dwarf-with-dsym";
				ENABLE_NS_ASSERTIONS = NO;
				ENABLE_STRICT_OBJC_MSGSEND = YES;
				ENABLE_USER_SCRIPT_SANDBOXING = YES;
				GCC_C_LANGUAGE_STANDARD = gnu17;
				GCC_NO_COMMON_BLOCKS = YES;
				GCC_WARN_64_TO_32_BIT_CONVERSION = YES;
				GCC_WARN_ABOUT_RETURN_TYPE = YES_ERROR;
				GCC_WARN_UNDECLARED_SELECTOR = YES;
				GCC_WARN_UNINITIALIZED_AUTOS = YES_AGGRESSIVE;
				GCC_WARN_UNUSED_FUNCTION = YES;
				GCC_WARN_UNUSED_VARIABLE = YES;
				LOCALIZATION_PREFERS_STRING_CATALOGS = YES;
				MTL_ENABLE_DEBUG_INFO = NO;
				MTL_FAST_MATH = YES;
				SWIFT_COMPILATION_MODE = wholemodule;
			};
			name = Release;
		};
		43BC28F02C9A54490069C6CD /* Debug */ = {
			isa = XCBuildConfiguration;
			buildSettings = {
				ASSETCATALOG_COMPILER_APPICON_NAME = AppIcon;
				ASSETCATALOG_COMPILER_GLOBAL_ACCENT_COLOR_NAME = AccentColor;
				CODE_SIGN_ENTITLEMENTS = ShoesForTow/ShoesForTow.entitlements;
				"CODE_SIGN_IDENTITY[sdk=macosx*]" = "-";
				CODE_SIGN_STYLE = Automatic;
				CURRENT_PROJECT_VERSION = 1;
				DEVELOPMENT_ASSET_PATHS = "\"ShoesForTow/Preview Content\"";
				DEVELOPMENT_TEAM = 6TTD2M2M2X;
				ENABLE_HARDENED_RUNTIME = YES;
				ENABLE_PREVIEWS = YES;
				GENERATE_INFOPLIST_FILE = YES;
				INFOPLIST_FILE = ShoesForTow/Info.plist;
				INFOPLIST_KEY_NSCameraUsageDescription = "We need the camera permission";
				INFOPLIST_KEY_UIApplicationSceneManifest_Generation = YES;
				"INFOPLIST_KEY_UIApplicationSceneManifest_Generation[sdk=iphoneos*]" = YES;
				"INFOPLIST_KEY_UIApplicationSceneManifest_Generation[sdk=iphonesimulator*]" = YES;
				INFOPLIST_KEY_UIApplicationSupportsIndirectInputEvents = YES;
				"INFOPLIST_KEY_UIApplicationSupportsIndirectInputEvents[sdk=iphoneos*]" = YES;
				"INFOPLIST_KEY_UIApplicationSupportsIndirectInputEvents[sdk=iphonesimulator*]" = YES;
				INFOPLIST_KEY_UILaunchScreen_Generation = YES;
				"INFOPLIST_KEY_UILaunchScreen_Generation[sdk=iphoneos*]" = YES;
				"INFOPLIST_KEY_UILaunchScreen_Generation[sdk=iphonesimulator*]" = YES;
				INFOPLIST_KEY_UILaunchStoryboardName = "Launch Screen.storyboard";
				INFOPLIST_KEY_UIStatusBarStyle = UIStatusBarStyleDefault;
				"INFOPLIST_KEY_UIStatusBarStyle[sdk=iphoneos*]" = UIStatusBarStyleDefault;
				"INFOPLIST_KEY_UIStatusBarStyle[sdk=iphonesimulator*]" = UIStatusBarStyleDefault;
				INFOPLIST_KEY_UISupportedInterfaceOrientations = UIInterfaceOrientationPortrait;
				IPHONEOS_DEPLOYMENT_TARGET = 16.0;
				LD_RUNPATH_SEARCH_PATHS = "@executable_path/Frameworks";
				"LD_RUNPATH_SEARCH_PATHS[sdk=macosx*]" = "@executable_path/../Frameworks";
				MACOSX_DEPLOYMENT_TARGET = 14.5;
				MARKETING_VERSION = 1.0;
				PRODUCT_BUNDLE_IDENTIFIER = miguel.ShoesForToww;
				PRODUCT_NAME = "$(TARGET_NAME)";
				SDKROOT = iphoneos;
				SUPPORTED_PLATFORMS = "iphoneos iphonesimulator";
				SUPPORTS_MACCATALYST = NO;
				SWIFT_EMIT_LOC_STRINGS = YES;
				SWIFT_VERSION = 5.0;
				TARGETED_DEVICE_FAMILY = 1;
			};
			name = Debug;
		};
		43BC28F12C9A54490069C6CD /* Release */ = {
			isa = XCBuildConfiguration;
			buildSettings = {
				ASSETCATALOG_COMPILER_APPICON_NAME = AppIcon;
				ASSETCATALOG_COMPILER_GLOBAL_ACCENT_COLOR_NAME = AccentColor;
				CODE_SIGN_ENTITLEMENTS = ShoesForTow/ShoesForTow.entitlements;
				"CODE_SIGN_IDENTITY[sdk=macosx*]" = "-";
				CODE_SIGN_STYLE = Automatic;
				CURRENT_PROJECT_VERSION = 1;
				DEVELOPMENT_ASSET_PATHS = "\"ShoesForTow/Preview Content\"";
				DEVELOPMENT_TEAM = 6TTD2M2M2X;
				ENABLE_HARDENED_RUNTIME = YES;
				ENABLE_PREVIEWS = YES;
				GENERATE_INFOPLIST_FILE = YES;
				INFOPLIST_FILE = ShoesForTow/Info.plist;
				INFOPLIST_KEY_NSCameraUsageDescription = "We need the camera permission";
				INFOPLIST_KEY_UIApplicationSceneManifest_Generation = YES;
				"INFOPLIST_KEY_UIApplicationSceneManifest_Generation[sdk=iphoneos*]" = YES;
				"INFOPLIST_KEY_UIApplicationSceneManifest_Generation[sdk=iphonesimulator*]" = YES;
				INFOPLIST_KEY_UIApplicationSupportsIndirectInputEvents = YES;
				"INFOPLIST_KEY_UIApplicationSupportsIndirectInputEvents[sdk=iphoneos*]" = YES;
				"INFOPLIST_KEY_UIApplicationSupportsIndirectInputEvents[sdk=iphonesimulator*]" = YES;
				INFOPLIST_KEY_UILaunchScreen_Generation = YES;
				"INFOPLIST_KEY_UILaunchScreen_Generation[sdk=iphoneos*]" = YES;
				"INFOPLIST_KEY_UILaunchScreen_Generation[sdk=iphonesimulator*]" = YES;
				INFOPLIST_KEY_UILaunchStoryboardName = "Launch Screen.storyboard";
				INFOPLIST_KEY_UIStatusBarStyle = UIStatusBarStyleDefault;
				"INFOPLIST_KEY_UIStatusBarStyle[sdk=iphoneos*]" = UIStatusBarStyleDefault;
				"INFOPLIST_KEY_UIStatusBarStyle[sdk=iphonesimulator*]" = UIStatusBarStyleDefault;
				INFOPLIST_KEY_UISupportedInterfaceOrientations = UIInterfaceOrientationPortrait;
				IPHONEOS_DEPLOYMENT_TARGET = 16.0;
				LD_RUNPATH_SEARCH_PATHS = "@executable_path/Frameworks";
				"LD_RUNPATH_SEARCH_PATHS[sdk=macosx*]" = "@executable_path/../Frameworks";
				MACOSX_DEPLOYMENT_TARGET = 14.5;
				MARKETING_VERSION = 1.0;
				PRODUCT_BUNDLE_IDENTIFIER = miguel.ShoesForToww;
				PRODUCT_NAME = "$(TARGET_NAME)";
				SDKROOT = iphoneos;
				SUPPORTED_PLATFORMS = "iphoneos iphonesimulator";
				SUPPORTS_MACCATALYST = NO;
				SWIFT_EMIT_LOC_STRINGS = YES;
				SWIFT_VERSION = 5.0;
				TARGETED_DEVICE_FAMILY = 1;
			};
			name = Release;
		};
/* End XCBuildConfiguration section */

/* Begin XCConfigurationList section */
		43BC28D62C9A54450069C6CD /* Build configuration list for PBXProject "ShoesForTow" */ = {
			isa = XCConfigurationList;
			buildConfigurations = (
				43BC28ED2C9A54490069C6CD /* Debug */,
				43BC28EE2C9A54490069C6CD /* Release */,
			);
			defaultConfigurationIsVisible = 0;
			defaultConfigurationName = Release;
		};
		43BC28EF2C9A54490069C6CD /* Build configuration list for PBXNativeTarget "ShoesForTow" */ = {
			isa = XCConfigurationList;
			buildConfigurations = (
				43BC28F02C9A54490069C6CD /* Debug */,
				43BC28F12C9A54490069C6CD /* Release */,
			);
			defaultConfigurationIsVisible = 0;
			defaultConfigurationName = Release;
		};
/* End XCConfigurationList section */

/* Begin XCVersionGroup section */
		43BC28E22C9A54450069C6CD /* ShoesForTow.xcdatamodeld */ = {
			isa = XCVersionGroup;
			children = (
				43BC28E32C9A54450069C6CD /* ShoesForTow.xcdatamodel */,
			);
			currentVersion = 43BC28E32C9A54450069C6CD /* ShoesForTow.xcdatamodel */;
			path = ShoesForTow.xcdatamodeld;
			sourceTree = "<group>";
			versionGroupType = wrapper.xcdatamodel;
		};
/* End XCVersionGroup section */
	};
	rootObject = 43BC28D32C9A54450069C6CD /* Project object */;
}
